// !$*UTF8*$!
{
	archiveVersion = 1;
	classes = {
	};
	objectVersion = 46;
	objects = {

/* Begin PBXBuildFile section */
		F14115FB1E6514B7007A98B5 /* VolumePositionModel.m in Sources */ = {isa = PBXBuildFile; fileRef = F14115FA1E6514B7007A98B5 /* VolumePositionModel.m */; };
		F14116061E651DC9007A98B5 /* VKLineView.m in Sources */ = {isa = PBXBuildFile; fileRef = F14115FE1E651DC9007A98B5 /* VKLineView.m */; };
		F14116361E6577BC007A98B5 /* AFHTTPSessionManager.m in Sources */ = {isa = PBXBuildFile; fileRef = F14116131E6577BB007A98B5 /* AFHTTPSessionManager.m */; };
		F14116371E6577BC007A98B5 /* AFNetworkReachabilityManager.m in Sources */ = {isa = PBXBuildFile; fileRef = F14116161E6577BB007A98B5 /* AFNetworkReachabilityManager.m */; };
		F14116381E6577BC007A98B5 /* AFSecurityPolicy.m in Sources */ = {isa = PBXBuildFile; fileRef = F14116181E6577BB007A98B5 /* AFSecurityPolicy.m */; };
		F14116391E6577BC007A98B5 /* AFURLRequestSerialization.m in Sources */ = {isa = PBXBuildFile; fileRef = F141161A1E6577BB007A98B5 /* AFURLRequestSerialization.m */; };
		F141163A1E6577BC007A98B5 /* AFURLResponseSerialization.m in Sources */ = {isa = PBXBuildFile; fileRef = F141161C1E6577BB007A98B5 /* AFURLResponseSerialization.m */; };
		F141163B1E6577BC007A98B5 /* AFURLSessionManager.m in Sources */ = {isa = PBXBuildFile; fileRef = F141161E1E6577BB007A98B5 /* AFURLSessionManager.m */; };
		F141163C1E6577BC007A98B5 /* LICENSE in Resources */ = {isa = PBXBuildFile; fileRef = F141161F1E6577BC007A98B5 /* LICENSE */; };
		F141163D1E6577BC007A98B5 /* README.md in Sources */ = {isa = PBXBuildFile; fileRef = F14116201E6577BC007A98B5 /* README.md */; };
		F141163E1E6577BC007A98B5 /* AFAutoPurgingImageCache.m in Sources */ = {isa = PBXBuildFile; fileRef = F14116231E6577BC007A98B5 /* AFAutoPurgingImageCache.m */; };
		F141163F1E6577BC007A98B5 /* AFImageDownloader.m in Sources */ = {isa = PBXBuildFile; fileRef = F14116251E6577BC007A98B5 /* AFImageDownloader.m */; };
		F14116401E6577BC007A98B5 /* AFNetworkActivityIndicatorManager.m in Sources */ = {isa = PBXBuildFile; fileRef = F14116271E6577BC007A98B5 /* AFNetworkActivityIndicatorManager.m */; };
		F14116411E6577BC007A98B5 /* UIActivityIndicatorView+AFNetworking.m in Sources */ = {isa = PBXBuildFile; fileRef = F14116291E6577BC007A98B5 /* UIActivityIndicatorView+AFNetworking.m */; };
		F14116421E6577BC007A98B5 /* UIButton+AFNetworking.m in Sources */ = {isa = PBXBuildFile; fileRef = F141162B1E6577BC007A98B5 /* UIButton+AFNetworking.m */; };
		F14116431E6577BC007A98B5 /* UIImageView+AFNetworking.m in Sources */ = {isa = PBXBuildFile; fileRef = F141162E1E6577BC007A98B5 /* UIImageView+AFNetworking.m */; };
		F14116441E6577BC007A98B5 /* UIProgressView+AFNetworking.m in Sources */ = {isa = PBXBuildFile; fileRef = F14116311E6577BC007A98B5 /* UIProgressView+AFNetworking.m */; };
		F14116451E6577BC007A98B5 /* UIRefreshControl+AFNetworking.m in Sources */ = {isa = PBXBuildFile; fileRef = F14116331E6577BC007A98B5 /* UIRefreshControl+AFNetworking.m */; };
		F14116461E6577BC007A98B5 /* UIWebView+AFNetworking.m in Sources */ = {isa = PBXBuildFile; fileRef = F14116351E6577BC007A98B5 /* UIWebView+AFNetworking.m */; };
		F141165C1E6577F5007A98B5 /* HttpHelper.m in Sources */ = {isa = PBXBuildFile; fileRef = F14116551E6577F5007A98B5 /* HttpHelper.m */; };
		F141165F1E657833007A98B5 /* StockRequest.m in Sources */ = {isa = PBXBuildFile; fileRef = F141165E1E657833007A98B5 /* StockRequest.m */; };
		F14570DE1E64272A008DCD48 /* UIColor+VAdd.m in Sources */ = {isa = PBXBuildFile; fileRef = F14570DD1E64272A008DCD48 /* UIColor+VAdd.m */; };
		F1469A451E7137A2005B50F5 /* VStockStatusModel.m in Sources */ = {isa = PBXBuildFile; fileRef = F1469A441E7137A2005B50F5 /* VStockStatusModel.m */; };
		F1469A481E715915005B50F5 /* VFullScreenStockView.m in Sources */ = {isa = PBXBuildFile; fileRef = F1469A471E715914005B50F5 /* VFullScreenStockView.m */; };
		F14792E21E76A01100237963 /* VTimeTradeModel.m in Sources */ = {isa = PBXBuildFile; fileRef = F14792E11E76A01100237963 /* VTimeTradeModel.m */; };
		F14A4C341E8A680F00A4338D /* VHKStockYearView.m in Sources */ = {isa = PBXBuildFile; fileRef = F14A4C331E8A680F00A4338D /* VHKStockYearView.m */; };
		F14A4C371E8B477500A4338D /* VLineChart.m in Sources */ = {isa = PBXBuildFile; fileRef = F14A4C361E8B477500A4338D /* VLineChart.m */; };
		F14A4C3A1E8B51E900A4338D /* VLineVolumeView.m in Sources */ = {isa = PBXBuildFile; fileRef = F14A4C391E8B51E900A4338D /* VLineVolumeView.m */; };
		F14A4C3D1E8B554D00A4338D /* VLineMaskView.m in Sources */ = {isa = PBXBuildFile; fileRef = F14A4C3C1E8B554D00A4338D /* VLineMaskView.m */; };
		F14B2AE81E6126620001663F /* main.m in Sources */ = {isa = PBXBuildFile; fileRef = F14B2AE71E6126620001663F /* main.m */; };
		F14B2AEB1E6126620001663F /* AppDelegate.m in Sources */ = {isa = PBXBuildFile; fileRef = F14B2AEA1E6126620001663F /* AppDelegate.m */; };
		F14B2AEE1E6126620001663F /* StockViewController.m in Sources */ = {isa = PBXBuildFile; fileRef = F14B2AED1E6126620001663F /* StockViewController.m */; };
		F14B2AF11E6126620001663F /* Main.storyboard in Resources */ = {isa = PBXBuildFile; fileRef = F14B2AEF1E6126620001663F /* Main.storyboard */; };
		F14B2AF31E6126620001663F /* Assets.xcassets in Resources */ = {isa = PBXBuildFile; fileRef = F14B2AF21E6126620001663F /* Assets.xcassets */; };
		F14B2AF61E6126620001663F /* LaunchScreen.storyboard in Resources */ = {isa = PBXBuildFile; fileRef = F14B2AF41E6126620001663F /* LaunchScreen.storyboard */; };
		F14B2B131E61310B0001663F /* UIColor+StockTheme.m in Sources */ = {isa = PBXBuildFile; fileRef = F14B2B0E1E61310B0001663F /* UIColor+StockTheme.m */; };
		F14B2B141E61310B0001663F /* VStockChartConfig.m in Sources */ = {isa = PBXBuildFile; fileRef = F14B2B101E61310B0001663F /* VStockChartConfig.m */; };
		F14B2B191E6135F40001663F /* VLineModel.m in Sources */ = {isa = PBXBuildFile; fileRef = F14B2B181E6135F40001663F /* VLineModel.m */; };
		F14B2B1C1E615B3A0001663F /* VStockPoint.m in Sources */ = {isa = PBXBuildFile; fileRef = F14B2B1B1E615B3A0001663F /* VStockPoint.m */; };
		F14B2B1F1E615D9C0001663F /* VBidPriceModel.m in Sources */ = {isa = PBXBuildFile; fileRef = F14B2B1E1E615D9C0001663F /* VBidPriceModel.m */; };
		F14B2B251E6169D50001663F /* VStockGroup.m in Sources */ = {isa = PBXBuildFile; fileRef = F14B2B241E6169D50001663F /* VStockGroup.m */; };
		F14B2B301E6170C00001663F /* VStockView.m in Sources */ = {isa = PBXBuildFile; fileRef = F14B2B2F1E6170C00001663F /* VStockView.m */; };
		F14B2B361E61776A0001663F /* VStockScrollView.m in Sources */ = {isa = PBXBuildFile; fileRef = F14B2B351E61776A0001663F /* VStockScrollView.m */; };
		F14B2B521E61791A0001663F /* MASCompositeConstraint.m in Sources */ = {isa = PBXBuildFile; fileRef = F14B2B3A1E61791A0001663F /* MASCompositeConstraint.m */; };
		F14B2B531E61791A0001663F /* MASConstraint.m in Sources */ = {isa = PBXBuildFile; fileRef = F14B2B3D1E61791A0001663F /* MASConstraint.m */; };
		F14B2B541E61791A0001663F /* MASConstraintMaker.m in Sources */ = {isa = PBXBuildFile; fileRef = F14B2B3F1E61791A0001663F /* MASConstraintMaker.m */; };
		F14B2B551E61791A0001663F /* MASLayoutConstraint.m in Sources */ = {isa = PBXBuildFile; fileRef = F14B2B411E61791A0001663F /* MASLayoutConstraint.m */; };
		F14B2B561E61791A0001663F /* MASViewAttribute.m in Sources */ = {isa = PBXBuildFile; fileRef = F14B2B451E61791A0001663F /* MASViewAttribute.m */; };
		F14B2B571E61791A0001663F /* MASViewConstraint.m in Sources */ = {isa = PBXBuildFile; fileRef = F14B2B471E61791A0001663F /* MASViewConstraint.m */; };
		F14B2B581E61791A0001663F /* NSArray+MASAdditions.m in Sources */ = {isa = PBXBuildFile; fileRef = F14B2B491E61791A0001663F /* NSArray+MASAdditions.m */; };
		F14B2B591E61791A0001663F /* NSLayoutConstraint+MASDebugAdditions.m in Sources */ = {isa = PBXBuildFile; fileRef = F14B2B4C1E61791A0001663F /* NSLayoutConstraint+MASDebugAdditions.m */; };
		F14B2B5A1E61791A0001663F /* View+MASAdditions.m in Sources */ = {isa = PBXBuildFile; fileRef = F14B2B4E1E61791A0001663F /* View+MASAdditions.m */; };
		F14B2B5B1E61791A0001663F /* ViewController+MASAdditions.m in Sources */ = {isa = PBXBuildFile; fileRef = F14B2B511E61791A0001663F /* ViewController+MASAdditions.m */; };
		F14C030C1E94F50F0090E872 /* MJRefreshAutoFooter.m in Sources */ = {isa = PBXBuildFile; fileRef = F14C02E01E94F50F0090E872 /* MJRefreshAutoFooter.m */; };
		F14C030D1E94F50F0090E872 /* MJRefreshBackFooter.m in Sources */ = {isa = PBXBuildFile; fileRef = F14C02E21E94F50F0090E872 /* MJRefreshBackFooter.m */; };
		F14C030E1E94F50F0090E872 /* MJRefreshComponent.m in Sources */ = {isa = PBXBuildFile; fileRef = F14C02E41E94F50F0090E872 /* MJRefreshComponent.m */; };
		F14C030F1E94F50F0090E872 /* MJRefreshFooter.m in Sources */ = {isa = PBXBuildFile; fileRef = F14C02E61E94F50F0090E872 /* MJRefreshFooter.m */; };
		F14C03101E94F50F0090E872 /* MJRefreshHeader.m in Sources */ = {isa = PBXBuildFile; fileRef = F14C02E81E94F50F0090E872 /* MJRefreshHeader.m */; };
		F14C03111E94F50F0090E872 /* MJRefreshAutoGifFooter.m in Sources */ = {isa = PBXBuildFile; fileRef = F14C02ED1E94F50F0090E872 /* MJRefreshAutoGifFooter.m */; };
		F14C03121E94F50F0090E872 /* MJRefreshAutoNormalFooter.m in Sources */ = {isa = PBXBuildFile; fileRef = F14C02EF1E94F50F0090E872 /* MJRefreshAutoNormalFooter.m */; };
		F14C03131E94F50F0090E872 /* MJRefreshAutoStateFooter.m in Sources */ = {isa = PBXBuildFile; fileRef = F14C02F11E94F50F0090E872 /* MJRefreshAutoStateFooter.m */; };
		F14C03141E94F50F0090E872 /* MJRefreshBackGifFooter.m in Sources */ = {isa = PBXBuildFile; fileRef = F14C02F41E94F50F0090E872 /* MJRefreshBackGifFooter.m */; };
		F14C03151E94F50F0090E872 /* MJRefreshBackNormalFooter.m in Sources */ = {isa = PBXBuildFile; fileRef = F14C02F61E94F50F0090E872 /* MJRefreshBackNormalFooter.m */; };
		F14C03161E94F50F0090E872 /* MJRefreshBackStateFooter.m in Sources */ = {isa = PBXBuildFile; fileRef = F14C02F81E94F50F0090E872 /* MJRefreshBackStateFooter.m */; };
		F14C03171E94F50F0090E872 /* MJRefreshGifHeader.m in Sources */ = {isa = PBXBuildFile; fileRef = F14C02FB1E94F50F0090E872 /* MJRefreshGifHeader.m */; };
		F14C03181E94F50F0090E872 /* MJRefreshNormalHeader.m in Sources */ = {isa = PBXBuildFile; fileRef = F14C02FD1E94F50F0090E872 /* MJRefreshNormalHeader.m */; };
		F14C03191E94F50F0090E872 /* MJRefreshStateHeader.m in Sources */ = {isa = PBXBuildFile; fileRef = F14C02FF1E94F50F0090E872 /* MJRefreshStateHeader.m */; };
		F14C031A1E94F50F0090E872 /* MJRefresh.bundle in Resources */ = {isa = PBXBuildFile; fileRef = F14C03001E94F50F0090E872 /* MJRefresh.bundle */; };
		F14C031B1E94F50F0090E872 /* MJRefreshConst.m in Sources */ = {isa = PBXBuildFile; fileRef = F14C03031E94F50F0090E872 /* MJRefreshConst.m */; };
		F14C031C1E94F50F0090E872 /* NSBundle+MJRefresh.m in Sources */ = {isa = PBXBuildFile; fileRef = F14C03051E94F50F0090E872 /* NSBundle+MJRefresh.m */; };
		F14C031D1E94F50F0090E872 /* UIScrollView+MJExtension.m in Sources */ = {isa = PBXBuildFile; fileRef = F14C03071E94F50F0090E872 /* UIScrollView+MJExtension.m */; };
		F14C031E1E94F50F0090E872 /* UIScrollView+MJRefresh.m in Sources */ = {isa = PBXBuildFile; fileRef = F14C03091E94F50F0090E872 /* UIScrollView+MJRefresh.m */; };
		F14C031F1E94F50F0090E872 /* UIView+MJExtension.m in Sources */ = {isa = PBXBuildFile; fileRef = F14C030B1E94F50F0090E872 /* UIView+MJExtension.m */; };
		F14C03581E9621300090E872 /* VolumeView.m in Sources */ = {isa = PBXBuildFile; fileRef = F14C03441E9621300090E872 /* VolumeView.m */; };
		F14C03591E9621300090E872 /* VBidPriceCell.m in Sources */ = {isa = PBXBuildFile; fileRef = F14C03471E9621300090E872 /* VBidPriceCell.m */; };
		F14C035A1E9621300090E872 /* VBidPriceView.m in Sources */ = {isa = PBXBuildFile; fileRef = F14C03491E9621300090E872 /* VBidPriceView.m */; };
		F14C035B1E9621300090E872 /* VBigTradeView.m in Sources */ = {isa = PBXBuildFile; fileRef = F14C034B1E9621300090E872 /* VBigTradeView.m */; };
		F14C035C1E9621300090E872 /* VStockRightView.m in Sources */ = {isa = PBXBuildFile; fileRef = F14C034D1E9621300090E872 /* VStockRightView.m */; };
		F14C035D1E9621300090E872 /* VTradeDetailCell.m in Sources */ = {isa = PBXBuildFile; fileRef = F14C034F1E9621300090E872 /* VTradeDetailCell.m */; };
		F14C035E1E9621300090E872 /* VTradeDetailView.m in Sources */ = {isa = PBXBuildFile; fileRef = F14C03511E9621300090E872 /* VTradeDetailView.m */; };
		F14C035F1E9621300090E872 /* VTimeLineChart.m in Sources */ = {isa = PBXBuildFile; fileRef = F14C03531E9621300090E872 /* VTimeLineChart.m */; };
		F14C03601E9621300090E872 /* VTimeLineMaskView.m in Sources */ = {isa = PBXBuildFile; fileRef = F14C03551E9621300090E872 /* VTimeLineMaskView.m */; };
		F14C03611E9621300090E872 /* VTimeLineView.m in Sources */ = {isa = PBXBuildFile; fileRef = F14C03571E9621300090E872 /* VTimeLineView.m */; };
		F14F6F5A1E889F6F00B099AE /* VStockStatusView_HK.m in Sources */ = {isa = PBXBuildFile; fileRef = F14F6F591E889F6F00B099AE /* VStockStatusView_HK.m */; };
		F14F6F5C1E889F8D00B099AE /* VStockStatusView_HK.xib in Resources */ = {isa = PBXBuildFile; fileRef = F14F6F5B1E889F8D00B099AE /* VStockStatusView_HK.xib */; };
		F150A7881E6D06FD00D1E945 /* VKLineChart.m in Sources */ = {isa = PBXBuildFile; fileRef = F150A7871E6D06FD00D1E945 /* VKLineChart.m */; };
		F150A78B1E6D0A5700D1E945 /* VKLineVolumeView.m in Sources */ = {isa = PBXBuildFile; fileRef = F150A78A1E6D0A5700D1E945 /* VKLineVolumeView.m */; };
		F150A78E1E6D3E5400D1E945 /* VKLinePosition.m in Sources */ = {isa = PBXBuildFile; fileRef = F150A78D1E6D3E5400D1E945 /* VKLinePosition.m */; };
		F150A7911E6EC3A600D1E945 /* VKLineMaskView.m in Sources */ = {isa = PBXBuildFile; fileRef = F150A7901E6EC3A600D1E945 /* VKLineMaskView.m */; };
		F155B4C31E6FF06700CC0349 /* VGCDTimer.m in Sources */ = {isa = PBXBuildFile; fileRef = F155B4C21E6FF06700CC0349 /* VGCDTimer.m */; };
		F155B4D01E70013B00CC0349 /* VStockStatusView.m in Sources */ = {isa = PBXBuildFile; fileRef = F155B4CF1E70013B00CC0349 /* VStockStatusView.m */; };
		F155B4D21E70051F00CC0349 /* VStockStatusView.xib in Resources */ = {isa = PBXBuildFile; fileRef = F155B4D11E70051F00CC0349 /* VStockStatusView.xib */; };
		F17B72051E69638300F0978B /* VScrollMenuView.m in Sources */ = {isa = PBXBuildFile; fileRef = F17B72041E69638300F0978B /* VScrollMenuView.m */; };
		F17BC36F1E88F51A00620B04 /* ViewController.m in Sources */ = {isa = PBXBuildFile; fileRef = F17BC36E1E88F51A00620B04 /* ViewController.m */; };
/* End PBXBuildFile section */

/* Begin PBXFileReference section */
		F14115F91E6514B7007A98B5 /* VolumePositionModel.h */ = {isa = PBXFileReference; fileEncoding = 4; lastKnownFileType = sourcecode.c.h; path = VolumePositionModel.h; sourceTree = "<group>"; };
		F14115FA1E6514B7007A98B5 /* VolumePositionModel.m */ = {isa = PBXFileReference; fileEncoding = 4; lastKnownFileType = sourcecode.c.objc; path = VolumePositionModel.m; sourceTree = "<group>"; };
		F14115FD1E651DC9007A98B5 /* VKLineView.h */ = {isa = PBXFileReference; fileEncoding = 4; lastKnownFileType = sourcecode.c.h; path = VKLineView.h; sourceTree = "<group>"; };
		F14115FE1E651DC9007A98B5 /* VKLineView.m */ = {isa = PBXFileReference; fileEncoding = 4; lastKnownFileType = sourcecode.c.objc; path = VKLineView.m; sourceTree = "<group>"; };
		F14116121E6577BB007A98B5 /* AFHTTPSessionManager.h */ = {isa = PBXFileReference; fileEncoding = 4; lastKnownFileType = sourcecode.c.h; path = AFHTTPSessionManager.h; sourceTree = "<group>"; };
		F14116131E6577BB007A98B5 /* AFHTTPSessionManager.m */ = {isa = PBXFileReference; fileEncoding = 4; lastKnownFileType = sourcecode.c.objc; path = AFHTTPSessionManager.m; sourceTree = "<group>"; };
		F14116141E6577BB007A98B5 /* AFNetworking.h */ = {isa = PBXFileReference; fileEncoding = 4; lastKnownFileType = sourcecode.c.h; path = AFNetworking.h; sourceTree = "<group>"; };
		F14116151E6577BB007A98B5 /* AFNetworkReachabilityManager.h */ = {isa = PBXFileReference; fileEncoding = 4; lastKnownFileType = sourcecode.c.h; path = AFNetworkReachabilityManager.h; sourceTree = "<group>"; };
		F14116161E6577BB007A98B5 /* AFNetworkReachabilityManager.m */ = {isa = PBXFileReference; fileEncoding = 4; lastKnownFileType = sourcecode.c.objc; path = AFNetworkReachabilityManager.m; sourceTree = "<group>"; };
		F14116171E6577BB007A98B5 /* AFSecurityPolicy.h */ = {isa = PBXFileReference; fileEncoding = 4; lastKnownFileType = sourcecode.c.h; path = AFSecurityPolicy.h; sourceTree = "<group>"; };
		F14116181E6577BB007A98B5 /* AFSecurityPolicy.m */ = {isa = PBXFileReference; fileEncoding = 4; lastKnownFileType = sourcecode.c.objc; path = AFSecurityPolicy.m; sourceTree = "<group>"; };
		F14116191E6577BB007A98B5 /* AFURLRequestSerialization.h */ = {isa = PBXFileReference; fileEncoding = 4; lastKnownFileType = sourcecode.c.h; path = AFURLRequestSerialization.h; sourceTree = "<group>"; };
		F141161A1E6577BB007A98B5 /* AFURLRequestSerialization.m */ = {isa = PBXFileReference; fileEncoding = 4; lastKnownFileType = sourcecode.c.objc; path = AFURLRequestSerialization.m; sourceTree = "<group>"; };
		F141161B1E6577BB007A98B5 /* AFURLResponseSerialization.h */ = {isa = PBXFileReference; fileEncoding = 4; lastKnownFileType = sourcecode.c.h; path = AFURLResponseSerialization.h; sourceTree = "<group>"; };
		F141161C1E6577BB007A98B5 /* AFURLResponseSerialization.m */ = {isa = PBXFileReference; fileEncoding = 4; lastKnownFileType = sourcecode.c.objc; path = AFURLResponseSerialization.m; sourceTree = "<group>"; };
		F141161D1E6577BB007A98B5 /* AFURLSessionManager.h */ = {isa = PBXFileReference; fileEncoding = 4; lastKnownFileType = sourcecode.c.h; path = AFURLSessionManager.h; sourceTree = "<group>"; };
		F141161E1E6577BB007A98B5 /* AFURLSessionManager.m */ = {isa = PBXFileReference; fileEncoding = 4; lastKnownFileType = sourcecode.c.objc; path = AFURLSessionManager.m; sourceTree = "<group>"; };
		F141161F1E6577BC007A98B5 /* LICENSE */ = {isa = PBXFileReference; fileEncoding = 4; lastKnownFileType = text; path = LICENSE; sourceTree = "<group>"; };
		F14116201E6577BC007A98B5 /* README.md */ = {isa = PBXFileReference; fileEncoding = 4; lastKnownFileType = net.daringfireball.markdown; path = README.md; sourceTree = "<group>"; };
		F14116221E6577BC007A98B5 /* AFAutoPurgingImageCache.h */ = {isa = PBXFileReference; fileEncoding = 4; lastKnownFileType = sourcecode.c.h; path = AFAutoPurgingImageCache.h; sourceTree = "<group>"; };
		F14116231E6577BC007A98B5 /* AFAutoPurgingImageCache.m */ = {isa = PBXFileReference; fileEncoding = 4; lastKnownFileType = sourcecode.c.objc; path = AFAutoPurgingImageCache.m; sourceTree = "<group>"; };
		F14116241E6577BC007A98B5 /* AFImageDownloader.h */ = {isa = PBXFileReference; fileEncoding = 4; lastKnownFileType = sourcecode.c.h; path = AFImageDownloader.h; sourceTree = "<group>"; };
		F14116251E6577BC007A98B5 /* AFImageDownloader.m */ = {isa = PBXFileReference; fileEncoding = 4; lastKnownFileType = sourcecode.c.objc; path = AFImageDownloader.m; sourceTree = "<group>"; };
		F14116261E6577BC007A98B5 /* AFNetworkActivityIndicatorManager.h */ = {isa = PBXFileReference; fileEncoding = 4; lastKnownFileType = sourcecode.c.h; path = AFNetworkActivityIndicatorManager.h; sourceTree = "<group>"; };
		F14116271E6577BC007A98B5 /* AFNetworkActivityIndicatorManager.m */ = {isa = PBXFileReference; fileEncoding = 4; lastKnownFileType = sourcecode.c.objc; path = AFNetworkActivityIndicatorManager.m; sourceTree = "<group>"; };
		F14116281E6577BC007A98B5 /* UIActivityIndicatorView+AFNetworking.h */ = {isa = PBXFileReference; fileEncoding = 4; lastKnownFileType = sourcecode.c.h; path = "UIActivityIndicatorView+AFNetworking.h"; sourceTree = "<group>"; };
		F14116291E6577BC007A98B5 /* UIActivityIndicatorView+AFNetworking.m */ = {isa = PBXFileReference; fileEncoding = 4; lastKnownFileType = sourcecode.c.objc; path = "UIActivityIndicatorView+AFNetworking.m"; sourceTree = "<group>"; };
		F141162A1E6577BC007A98B5 /* UIButton+AFNetworking.h */ = {isa = PBXFileReference; fileEncoding = 4; lastKnownFileType = sourcecode.c.h; path = "UIButton+AFNetworking.h"; sourceTree = "<group>"; };
		F141162B1E6577BC007A98B5 /* UIButton+AFNetworking.m */ = {isa = PBXFileReference; fileEncoding = 4; lastKnownFileType = sourcecode.c.objc; path = "UIButton+AFNetworking.m"; sourceTree = "<group>"; };
		F141162C1E6577BC007A98B5 /* UIImage+AFNetworking.h */ = {isa = PBXFileReference; fileEncoding = 4; lastKnownFileType = sourcecode.c.h; path = "UIImage+AFNetworking.h"; sourceTree = "<group>"; };
		F141162D1E6577BC007A98B5 /* UIImageView+AFNetworking.h */ = {isa = PBXFileReference; fileEncoding = 4; lastKnownFileType = sourcecode.c.h; path = "UIImageView+AFNetworking.h"; sourceTree = "<group>"; };
		F141162E1E6577BC007A98B5 /* UIImageView+AFNetworking.m */ = {isa = PBXFileReference; fileEncoding = 4; lastKnownFileType = sourcecode.c.objc; path = "UIImageView+AFNetworking.m"; sourceTree = "<group>"; };
		F141162F1E6577BC007A98B5 /* UIKit+AFNetworking.h */ = {isa = PBXFileReference; fileEncoding = 4; lastKnownFileType = sourcecode.c.h; path = "UIKit+AFNetworking.h"; sourceTree = "<group>"; };
		F14116301E6577BC007A98B5 /* UIProgressView+AFNetworking.h */ = {isa = PBXFileReference; fileEncoding = 4; lastKnownFileType = sourcecode.c.h; path = "UIProgressView+AFNetworking.h"; sourceTree = "<group>"; };
		F14116311E6577BC007A98B5 /* UIProgressView+AFNetworking.m */ = {isa = PBXFileReference; fileEncoding = 4; lastKnownFileType = sourcecode.c.objc; path = "UIProgressView+AFNetworking.m"; sourceTree = "<group>"; };
		F14116321E6577BC007A98B5 /* UIRefreshControl+AFNetworking.h */ = {isa = PBXFileReference; fileEncoding = 4; lastKnownFileType = sourcecode.c.h; path = "UIRefreshControl+AFNetworking.h"; sourceTree = "<group>"; };
		F14116331E6577BC007A98B5 /* UIRefreshControl+AFNetworking.m */ = {isa = PBXFileReference; fileEncoding = 4; lastKnownFileType = sourcecode.c.objc; path = "UIRefreshControl+AFNetworking.m"; sourceTree = "<group>"; };
		F14116341E6577BC007A98B5 /* UIWebView+AFNetworking.h */ = {isa = PBXFileReference; fileEncoding = 4; lastKnownFileType = sourcecode.c.h; path = "UIWebView+AFNetworking.h"; sourceTree = "<group>"; };
		F14116351E6577BC007A98B5 /* UIWebView+AFNetworking.m */ = {isa = PBXFileReference; fileEncoding = 4; lastKnownFileType = sourcecode.c.objc; path = "UIWebView+AFNetworking.m"; sourceTree = "<group>"; };
		F14116541E6577F5007A98B5 /* HttpHelper.h */ = {isa = PBXFileReference; fileEncoding = 4; lastKnownFileType = sourcecode.c.h; path = HttpHelper.h; sourceTree = "<group>"; };
		F14116551E6577F5007A98B5 /* HttpHelper.m */ = {isa = PBXFileReference; fileEncoding = 4; lastKnownFileType = sourcecode.c.objc; path = HttpHelper.m; sourceTree = "<group>"; };
		F141165D1E657833007A98B5 /* StockRequest.h */ = {isa = PBXFileReference; fileEncoding = 4; lastKnownFileType = sourcecode.c.h; path = StockRequest.h; sourceTree = "<group>"; };
		F141165E1E657833007A98B5 /* StockRequest.m */ = {isa = PBXFileReference; fileEncoding = 4; lastKnownFileType = sourcecode.c.objc; path = StockRequest.m; sourceTree = "<group>"; };
		F145546F1E77DB5300A1EA96 /* PrefixHeader.pch */ = {isa = PBXFileReference; fileEncoding = 4; lastKnownFileType = sourcecode.c.h; path = PrefixHeader.pch; sourceTree = "<group>"; };
		F14570DC1E64272A008DCD48 /* UIColor+VAdd.h */ = {isa = PBXFileReference; fileEncoding = 4; lastKnownFileType = sourcecode.c.h; path = "UIColor+VAdd.h"; sourceTree = "<group>"; };
		F14570DD1E64272A008DCD48 /* UIColor+VAdd.m */ = {isa = PBXFileReference; fileEncoding = 4; lastKnownFileType = sourcecode.c.objc; path = "UIColor+VAdd.m"; sourceTree = "<group>"; };
		F1469A431E7137A2005B50F5 /* VStockStatusModel.h */ = {isa = PBXFileReference; fileEncoding = 4; lastKnownFileType = sourcecode.c.h; path = VStockStatusModel.h; sourceTree = "<group>"; };
		F1469A441E7137A2005B50F5 /* VStockStatusModel.m */ = {isa = PBXFileReference; fileEncoding = 4; lastKnownFileType = sourcecode.c.objc; path = VStockStatusModel.m; sourceTree = "<group>"; };
		F1469A461E715914005B50F5 /* VFullScreenStockView.h */ = {isa = PBXFileReference; fileEncoding = 4; lastKnownFileType = sourcecode.c.h; path = VFullScreenStockView.h; sourceTree = "<group>"; };
		F1469A471E715914005B50F5 /* VFullScreenStockView.m */ = {isa = PBXFileReference; fileEncoding = 4; lastKnownFileType = sourcecode.c.objc; path = VFullScreenStockView.m; sourceTree = "<group>"; };
		F14792E01E76A01100237963 /* VTimeTradeModel.h */ = {isa = PBXFileReference; fileEncoding = 4; lastKnownFileType = sourcecode.c.h; path = VTimeTradeModel.h; sourceTree = "<group>"; };
		F14792E11E76A01100237963 /* VTimeTradeModel.m */ = {isa = PBXFileReference; fileEncoding = 4; lastKnownFileType = sourcecode.c.objc; path = VTimeTradeModel.m; sourceTree = "<group>"; };
		F14A4C321E8A680F00A4338D /* VHKStockYearView.h */ = {isa = PBXFileReference; fileEncoding = 4; lastKnownFileType = sourcecode.c.h; path = VHKStockYearView.h; sourceTree = "<group>"; };
		F14A4C331E8A680F00A4338D /* VHKStockYearView.m */ = {isa = PBXFileReference; fileEncoding = 4; lastKnownFileType = sourcecode.c.objc; path = VHKStockYearView.m; sourceTree = "<group>"; };
		F14A4C351E8B477500A4338D /* VLineChart.h */ = {isa = PBXFileReference; fileEncoding = 4; lastKnownFileType = sourcecode.c.h; path = VLineChart.h; sourceTree = "<group>"; };
		F14A4C361E8B477500A4338D /* VLineChart.m */ = {isa = PBXFileReference; fileEncoding = 4; lastKnownFileType = sourcecode.c.objc; path = VLineChart.m; sourceTree = "<group>"; };
		F14A4C381E8B51E900A4338D /* VLineVolumeView.h */ = {isa = PBXFileReference; fileEncoding = 4; lastKnownFileType = sourcecode.c.h; path = VLineVolumeView.h; sourceTree = "<group>"; };
		F14A4C391E8B51E900A4338D /* VLineVolumeView.m */ = {isa = PBXFileReference; fileEncoding = 4; lastKnownFileType = sourcecode.c.objc; path = VLineVolumeView.m; sourceTree = "<group>"; };
		F14A4C3B1E8B554D00A4338D /* VLineMaskView.h */ = {isa = PBXFileReference; fileEncoding = 4; lastKnownFileType = sourcecode.c.h; path = VLineMaskView.h; sourceTree = "<group>"; };
		F14A4C3C1E8B554D00A4338D /* VLineMaskView.m */ = {isa = PBXFileReference; fileEncoding = 4; lastKnownFileType = sourcecode.c.objc; path = VLineMaskView.m; sourceTree = "<group>"; };
		F14B2AE31E6126620001663F /* HBStockView.app */ = {isa = PBXFileReference; explicitFileType = wrapper.application; includeInIndex = 0; path = HBStockView.app; sourceTree = BUILT_PRODUCTS_DIR; };
		F14B2AE71E6126620001663F /* main.m */ = {isa = PBXFileReference; lastKnownFileType = sourcecode.c.objc; path = main.m; sourceTree = "<group>"; };
		F14B2AE91E6126620001663F /* AppDelegate.h */ = {isa = PBXFileReference; lastKnownFileType = sourcecode.c.h; path = AppDelegate.h; sourceTree = "<group>"; };
		F14B2AEA1E6126620001663F /* AppDelegate.m */ = {isa = PBXFileReference; lastKnownFileType = sourcecode.c.objc; path = AppDelegate.m; sourceTree = "<group>"; };
		F14B2AEC1E6126620001663F /* StockViewController.h */ = {isa = PBXFileReference; lastKnownFileType = sourcecode.c.h; path = StockViewController.h; sourceTree = "<group>"; };
		F14B2AED1E6126620001663F /* StockViewController.m */ = {isa = PBXFileReference; lastKnownFileType = sourcecode.c.objc; path = StockViewController.m; sourceTree = "<group>"; };
		F14B2AF01E6126620001663F /* Base */ = {isa = PBXFileReference; lastKnownFileType = file.storyboard; name = Base; path = Base.lproj/Main.storyboard; sourceTree = "<group>"; };
		F14B2AF21E6126620001663F /* Assets.xcassets */ = {isa = PBXFileReference; lastKnownFileType = folder.assetcatalog; path = Assets.xcassets; sourceTree = "<group>"; };
		F14B2AF51E6126620001663F /* Base */ = {isa = PBXFileReference; lastKnownFileType = file.storyboard; name = Base; path = Base.lproj/LaunchScreen.storyboard; sourceTree = "<group>"; };
		F14B2AF71E6126620001663F /* Info.plist */ = {isa = PBXFileReference; lastKnownFileType = text.plist.xml; path = Info.plist; sourceTree = "<group>"; };
		F14B2B0D1E61310B0001663F /* UIColor+StockTheme.h */ = {isa = PBXFileReference; fileEncoding = 4; lastKnownFileType = sourcecode.c.h; path = "UIColor+StockTheme.h"; sourceTree = "<group>"; };
		F14B2B0E1E61310B0001663F /* UIColor+StockTheme.m */ = {isa = PBXFileReference; fileEncoding = 4; lastKnownFileType = sourcecode.c.objc; path = "UIColor+StockTheme.m"; sourceTree = "<group>"; };
		F14B2B0F1E61310B0001663F /* VStockChartConfig.h */ = {isa = PBXFileReference; fileEncoding = 4; lastKnownFileType = sourcecode.c.h; path = VStockChartConfig.h; sourceTree = "<group>"; };
		F14B2B101E61310B0001663F /* VStockChartConfig.m */ = {isa = PBXFileReference; fileEncoding = 4; lastKnownFileType = sourcecode.c.objc; path = VStockChartConfig.m; sourceTree = "<group>"; };
		F14B2B111E61310B0001663F /* VStockConstant.h */ = {isa = PBXFileReference; fileEncoding = 4; lastKnownFileType = sourcecode.c.h; path = VStockConstant.h; sourceTree = "<group>"; };
		F14B2B171E6135F40001663F /* VLineModel.h */ = {isa = PBXFileReference; fileEncoding = 4; lastKnownFileType = sourcecode.c.h; path = VLineModel.h; sourceTree = "<group>"; };
		F14B2B181E6135F40001663F /* VLineModel.m */ = {isa = PBXFileReference; fileEncoding = 4; lastKnownFileType = sourcecode.c.objc; path = VLineModel.m; sourceTree = "<group>"; };
		F14B2B1A1E615B3A0001663F /* VStockPoint.h */ = {isa = PBXFileReference; fileEncoding = 4; lastKnownFileType = sourcecode.c.h; path = VStockPoint.h; sourceTree = "<group>"; };
		F14B2B1B1E615B3A0001663F /* VStockPoint.m */ = {isa = PBXFileReference; fileEncoding = 4; lastKnownFileType = sourcecode.c.objc; path = VStockPoint.m; sourceTree = "<group>"; };
		F14B2B1D1E615D9C0001663F /* VBidPriceModel.h */ = {isa = PBXFileReference; fileEncoding = 4; lastKnownFileType = sourcecode.c.h; path = VBidPriceModel.h; sourceTree = "<group>"; };
		F14B2B1E1E615D9C0001663F /* VBidPriceModel.m */ = {isa = PBXFileReference; fileEncoding = 4; lastKnownFileType = sourcecode.c.objc; path = VBidPriceModel.m; sourceTree = "<group>"; };
		F14B2B231E6169D50001663F /* VStockGroup.h */ = {isa = PBXFileReference; fileEncoding = 4; lastKnownFileType = sourcecode.c.h; path = VStockGroup.h; sourceTree = "<group>"; };
		F14B2B241E6169D50001663F /* VStockGroup.m */ = {isa = PBXFileReference; fileEncoding = 4; lastKnownFileType = sourcecode.c.objc; path = VStockGroup.m; sourceTree = "<group>"; };
		F14B2B2E1E6170C00001663F /* VStockView.h */ = {isa = PBXFileReference; fileEncoding = 4; lastKnownFileType = sourcecode.c.h; path = VStockView.h; sourceTree = "<group>"; };
		F14B2B2F1E6170C00001663F /* VStockView.m */ = {isa = PBXFileReference; fileEncoding = 4; lastKnownFileType = sourcecode.c.objc; path = VStockView.m; sourceTree = "<group>"; };
		F14B2B341E61776A0001663F /* VStockScrollView.h */ = {isa = PBXFileReference; fileEncoding = 4; lastKnownFileType = sourcecode.c.h; path = VStockScrollView.h; sourceTree = "<group>"; };
		F14B2B351E61776A0001663F /* VStockScrollView.m */ = {isa = PBXFileReference; fileEncoding = 4; lastKnownFileType = sourcecode.c.objc; path = VStockScrollView.m; sourceTree = "<group>"; };
		F14B2B391E61791A0001663F /* MASCompositeConstraint.h */ = {isa = PBXFileReference; fileEncoding = 4; lastKnownFileType = sourcecode.c.h; path = MASCompositeConstraint.h; sourceTree = "<group>"; };
		F14B2B3A1E61791A0001663F /* MASCompositeConstraint.m */ = {isa = PBXFileReference; fileEncoding = 4; lastKnownFileType = sourcecode.c.objc; path = MASCompositeConstraint.m; sourceTree = "<group>"; };
		F14B2B3B1E61791A0001663F /* MASConstraint+Private.h */ = {isa = PBXFileReference; fileEncoding = 4; lastKnownFileType = sourcecode.c.h; path = "MASConstraint+Private.h"; sourceTree = "<group>"; };
		F14B2B3C1E61791A0001663F /* MASConstraint.h */ = {isa = PBXFileReference; fileEncoding = 4; lastKnownFileType = sourcecode.c.h; path = MASConstraint.h; sourceTree = "<group>"; };
		F14B2B3D1E61791A0001663F /* MASConstraint.m */ = {isa = PBXFileReference; fileEncoding = 4; lastKnownFileType = sourcecode.c.objc; path = MASConstraint.m; sourceTree = "<group>"; };
		F14B2B3E1E61791A0001663F /* MASConstraintMaker.h */ = {isa = PBXFileReference; fileEncoding = 4; lastKnownFileType = sourcecode.c.h; path = MASConstraintMaker.h; sourceTree = "<group>"; };
		F14B2B3F1E61791A0001663F /* MASConstraintMaker.m */ = {isa = PBXFileReference; fileEncoding = 4; lastKnownFileType = sourcecode.c.objc; path = MASConstraintMaker.m; sourceTree = "<group>"; };
		F14B2B401E61791A0001663F /* MASLayoutConstraint.h */ = {isa = PBXFileReference; fileEncoding = 4; lastKnownFileType = sourcecode.c.h; path = MASLayoutConstraint.h; sourceTree = "<group>"; };
		F14B2B411E61791A0001663F /* MASLayoutConstraint.m */ = {isa = PBXFileReference; fileEncoding = 4; lastKnownFileType = sourcecode.c.objc; path = MASLayoutConstraint.m; sourceTree = "<group>"; };
		F14B2B421E61791A0001663F /* Masonry.h */ = {isa = PBXFileReference; fileEncoding = 4; lastKnownFileType = sourcecode.c.h; path = Masonry.h; sourceTree = "<group>"; };
		F14B2B431E61791A0001663F /* MASUtilities.h */ = {isa = PBXFileReference; fileEncoding = 4; lastKnownFileType = sourcecode.c.h; path = MASUtilities.h; sourceTree = "<group>"; };
		F14B2B441E61791A0001663F /* MASViewAttribute.h */ = {isa = PBXFileReference; fileEncoding = 4; lastKnownFileType = sourcecode.c.h; path = MASViewAttribute.h; sourceTree = "<group>"; };
		F14B2B451E61791A0001663F /* MASViewAttribute.m */ = {isa = PBXFileReference; fileEncoding = 4; lastKnownFileType = sourcecode.c.objc; path = MASViewAttribute.m; sourceTree = "<group>"; };
		F14B2B461E61791A0001663F /* MASViewConstraint.h */ = {isa = PBXFileReference; fileEncoding = 4; lastKnownFileType = sourcecode.c.h; path = MASViewConstraint.h; sourceTree = "<group>"; };
		F14B2B471E61791A0001663F /* MASViewConstraint.m */ = {isa = PBXFileReference; fileEncoding = 4; lastKnownFileType = sourcecode.c.objc; path = MASViewConstraint.m; sourceTree = "<group>"; };
		F14B2B481E61791A0001663F /* NSArray+MASAdditions.h */ = {isa = PBXFileReference; fileEncoding = 4; lastKnownFileType = sourcecode.c.h; path = "NSArray+MASAdditions.h"; sourceTree = "<group>"; };
		F14B2B491E61791A0001663F /* NSArray+MASAdditions.m */ = {isa = PBXFileReference; fileEncoding = 4; lastKnownFileType = sourcecode.c.objc; path = "NSArray+MASAdditions.m"; sourceTree = "<group>"; };
		F14B2B4A1E61791A0001663F /* NSArray+MASShorthandAdditions.h */ = {isa = PBXFileReference; fileEncoding = 4; lastKnownFileType = sourcecode.c.h; path = "NSArray+MASShorthandAdditions.h"; sourceTree = "<group>"; };
		F14B2B4B1E61791A0001663F /* NSLayoutConstraint+MASDebugAdditions.h */ = {isa = PBXFileReference; fileEncoding = 4; lastKnownFileType = sourcecode.c.h; path = "NSLayoutConstraint+MASDebugAdditions.h"; sourceTree = "<group>"; };
		F14B2B4C1E61791A0001663F /* NSLayoutConstraint+MASDebugAdditions.m */ = {isa = PBXFileReference; fileEncoding = 4; lastKnownFileType = sourcecode.c.objc; path = "NSLayoutConstraint+MASDebugAdditions.m"; sourceTree = "<group>"; };
		F14B2B4D1E61791A0001663F /* View+MASAdditions.h */ = {isa = PBXFileReference; fileEncoding = 4; lastKnownFileType = sourcecode.c.h; path = "View+MASAdditions.h"; sourceTree = "<group>"; };
		F14B2B4E1E61791A0001663F /* View+MASAdditions.m */ = {isa = PBXFileReference; fileEncoding = 4; lastKnownFileType = sourcecode.c.objc; path = "View+MASAdditions.m"; sourceTree = "<group>"; };
		F14B2B4F1E61791A0001663F /* View+MASShorthandAdditions.h */ = {isa = PBXFileReference; fileEncoding = 4; lastKnownFileType = sourcecode.c.h; path = "View+MASShorthandAdditions.h"; sourceTree = "<group>"; };
		F14B2B501E61791A0001663F /* ViewController+MASAdditions.h */ = {isa = PBXFileReference; fileEncoding = 4; lastKnownFileType = sourcecode.c.h; path = "ViewController+MASAdditions.h"; sourceTree = "<group>"; };
		F14B2B511E61791A0001663F /* ViewController+MASAdditions.m */ = {isa = PBXFileReference; fileEncoding = 4; lastKnownFileType = sourcecode.c.objc; path = "ViewController+MASAdditions.m"; sourceTree = "<group>"; };
		F14C02DF1E94F50F0090E872 /* MJRefreshAutoFooter.h */ = {isa = PBXFileReference; fileEncoding = 4; lastKnownFileType = sourcecode.c.h; path = MJRefreshAutoFooter.h; sourceTree = "<group>"; };
		F14C02E01E94F50F0090E872 /* MJRefreshAutoFooter.m */ = {isa = PBXFileReference; fileEncoding = 4; lastKnownFileType = sourcecode.c.objc; path = MJRefreshAutoFooter.m; sourceTree = "<group>"; };
		F14C02E11E94F50F0090E872 /* MJRefreshBackFooter.h */ = {isa = PBXFileReference; fileEncoding = 4; lastKnownFileType = sourcecode.c.h; path = MJRefreshBackFooter.h; sourceTree = "<group>"; };
		F14C02E21E94F50F0090E872 /* MJRefreshBackFooter.m */ = {isa = PBXFileReference; fileEncoding = 4; lastKnownFileType = sourcecode.c.objc; path = MJRefreshBackFooter.m; sourceTree = "<group>"; };
		F14C02E31E94F50F0090E872 /* MJRefreshComponent.h */ = {isa = PBXFileReference; fileEncoding = 4; lastKnownFileType = sourcecode.c.h; path = MJRefreshComponent.h; sourceTree = "<group>"; };
		F14C02E41E94F50F0090E872 /* MJRefreshComponent.m */ = {isa = PBXFileReference; fileEncoding = 4; lastKnownFileType = sourcecode.c.objc; path = MJRefreshComponent.m; sourceTree = "<group>"; };
		F14C02E51E94F50F0090E872 /* MJRefreshFooter.h */ = {isa = PBXFileReference; fileEncoding = 4; lastKnownFileType = sourcecode.c.h; path = MJRefreshFooter.h; sourceTree = "<group>"; };
		F14C02E61E94F50F0090E872 /* MJRefreshFooter.m */ = {isa = PBXFileReference; fileEncoding = 4; lastKnownFileType = sourcecode.c.objc; path = MJRefreshFooter.m; sourceTree = "<group>"; };
		F14C02E71E94F50F0090E872 /* MJRefreshHeader.h */ = {isa = PBXFileReference; fileEncoding = 4; lastKnownFileType = sourcecode.c.h; path = MJRefreshHeader.h; sourceTree = "<group>"; };
		F14C02E81E94F50F0090E872 /* MJRefreshHeader.m */ = {isa = PBXFileReference; fileEncoding = 4; lastKnownFileType = sourcecode.c.objc; path = MJRefreshHeader.m; sourceTree = "<group>"; };
		F14C02EC1E94F50F0090E872 /* MJRefreshAutoGifFooter.h */ = {isa = PBXFileReference; fileEncoding = 4; lastKnownFileType = sourcecode.c.h; path = MJRefreshAutoGifFooter.h; sourceTree = "<group>"; };
		F14C02ED1E94F50F0090E872 /* MJRefreshAutoGifFooter.m */ = {isa = PBXFileReference; fileEncoding = 4; lastKnownFileType = sourcecode.c.objc; path = MJRefreshAutoGifFooter.m; sourceTree = "<group>"; };
		F14C02EE1E94F50F0090E872 /* MJRefreshAutoNormalFooter.h */ = {isa = PBXFileReference; fileEncoding = 4; lastKnownFileType = sourcecode.c.h; path = MJRefreshAutoNormalFooter.h; sourceTree = "<group>"; };
		F14C02EF1E94F50F0090E872 /* MJRefreshAutoNormalFooter.m */ = {isa = PBXFileReference; fileEncoding = 4; lastKnownFileType = sourcecode.c.objc; path = MJRefreshAutoNormalFooter.m; sourceTree = "<group>"; };
		F14C02F01E94F50F0090E872 /* MJRefreshAutoStateFooter.h */ = {isa = PBXFileReference; fileEncoding = 4; lastKnownFileType = sourcecode.c.h; path = MJRefreshAutoStateFooter.h; sourceTree = "<group>"; };
		F14C02F11E94F50F0090E872 /* MJRefreshAutoStateFooter.m */ = {isa = PBXFileReference; fileEncoding = 4; lastKnownFileType = sourcecode.c.objc; path = MJRefreshAutoStateFooter.m; sourceTree = "<group>"; };
		F14C02F31E94F50F0090E872 /* MJRefreshBackGifFooter.h */ = {isa = PBXFileReference; fileEncoding = 4; lastKnownFileType = sourcecode.c.h; path = MJRefreshBackGifFooter.h; sourceTree = "<group>"; };
		F14C02F41E94F50F0090E872 /* MJRefreshBackGifFooter.m */ = {isa = PBXFileReference; fileEncoding = 4; lastKnownFileType = sourcecode.c.objc; path = MJRefreshBackGifFooter.m; sourceTree = "<group>"; };
		F14C02F51E94F50F0090E872 /* MJRefreshBackNormalFooter.h */ = {isa = PBXFileReference; fileEncoding = 4; lastKnownFileType = sourcecode.c.h; path = MJRefreshBackNormalFooter.h; sourceTree = "<group>"; };
		F14C02F61E94F50F0090E872 /* MJRefreshBackNormalFooter.m */ = {isa = PBXFileReference; fileEncoding = 4; lastKnownFileType = sourcecode.c.objc; path = MJRefreshBackNormalFooter.m; sourceTree = "<group>"; };
		F14C02F71E94F50F0090E872 /* MJRefreshBackStateFooter.h */ = {isa = PBXFileReference; fileEncoding = 4; lastKnownFileType = sourcecode.c.h; path = MJRefreshBackStateFooter.h; sourceTree = "<group>"; };
		F14C02F81E94F50F0090E872 /* MJRefreshBackStateFooter.m */ = {isa = PBXFileReference; fileEncoding = 4; lastKnownFileType = sourcecode.c.objc; path = MJRefreshBackStateFooter.m; sourceTree = "<group>"; };
		F14C02FA1E94F50F0090E872 /* MJRefreshGifHeader.h */ = {isa = PBXFileReference; fileEncoding = 4; lastKnownFileType = sourcecode.c.h; path = MJRefreshGifHeader.h; sourceTree = "<group>"; };
		F14C02FB1E94F50F0090E872 /* MJRefreshGifHeader.m */ = {isa = PBXFileReference; fileEncoding = 4; lastKnownFileType = sourcecode.c.objc; path = MJRefreshGifHeader.m; sourceTree = "<group>"; };
		F14C02FC1E94F50F0090E872 /* MJRefreshNormalHeader.h */ = {isa = PBXFileReference; fileEncoding = 4; lastKnownFileType = sourcecode.c.h; path = MJRefreshNormalHeader.h; sourceTree = "<group>"; };
		F14C02FD1E94F50F0090E872 /* MJRefreshNormalHeader.m */ = {isa = PBXFileReference; fileEncoding = 4; lastKnownFileType = sourcecode.c.objc; path = MJRefreshNormalHeader.m; sourceTree = "<group>"; };
		F14C02FE1E94F50F0090E872 /* MJRefreshStateHeader.h */ = {isa = PBXFileReference; fileEncoding = 4; lastKnownFileType = sourcecode.c.h; path = MJRefreshStateHeader.h; sourceTree = "<group>"; };
		F14C02FF1E94F50F0090E872 /* MJRefreshStateHeader.m */ = {isa = PBXFileReference; fileEncoding = 4; lastKnownFileType = sourcecode.c.objc; path = MJRefreshStateHeader.m; sourceTree = "<group>"; };
		F14C03001E94F50F0090E872 /* MJRefresh.bundle */ = {isa = PBXFileReference; lastKnownFileType = "wrapper.plug-in"; path = MJRefresh.bundle; sourceTree = "<group>"; };
		F14C03011E94F50F0090E872 /* MJRefresh.h */ = {isa = PBXFileReference; fileEncoding = 4; lastKnownFileType = sourcecode.c.h; path = MJRefresh.h; sourceTree = "<group>"; };
		F14C03021E94F50F0090E872 /* MJRefreshConst.h */ = {isa = PBXFileReference; fileEncoding = 4; lastKnownFileType = sourcecode.c.h; path = MJRefreshConst.h; sourceTree = "<group>"; };
		F14C03031E94F50F0090E872 /* MJRefreshConst.m */ = {isa = PBXFileReference; fileEncoding = 4; lastKnownFileType = sourcecode.c.objc; path = MJRefreshConst.m; sourceTree = "<group>"; };
		F14C03041E94F50F0090E872 /* NSBundle+MJRefresh.h */ = {isa = PBXFileReference; fileEncoding = 4; lastKnownFileType = sourcecode.c.h; path = "NSBundle+MJRefresh.h"; sourceTree = "<group>"; };
		F14C03051E94F50F0090E872 /* NSBundle+MJRefresh.m */ = {isa = PBXFileReference; fileEncoding = 4; lastKnownFileType = sourcecode.c.objc; path = "NSBundle+MJRefresh.m"; sourceTree = "<group>"; };
		F14C03061E94F50F0090E872 /* UIScrollView+MJExtension.h */ = {isa = PBXFileReference; fileEncoding = 4; lastKnownFileType = sourcecode.c.h; path = "UIScrollView+MJExtension.h"; sourceTree = "<group>"; };
		F14C03071E94F50F0090E872 /* UIScrollView+MJExtension.m */ = {isa = PBXFileReference; fileEncoding = 4; lastKnownFileType = sourcecode.c.objc; path = "UIScrollView+MJExtension.m"; sourceTree = "<group>"; };
		F14C03081E94F50F0090E872 /* UIScrollView+MJRefresh.h */ = {isa = PBXFileReference; fileEncoding = 4; lastKnownFileType = sourcecode.c.h; path = "UIScrollView+MJRefresh.h"; sourceTree = "<group>"; };
		F14C03091E94F50F0090E872 /* UIScrollView+MJRefresh.m */ = {isa = PBXFileReference; fileEncoding = 4; lastKnownFileType = sourcecode.c.objc; path = "UIScrollView+MJRefresh.m"; sourceTree = "<group>"; };
		F14C030A1E94F50F0090E872 /* UIView+MJExtension.h */ = {isa = PBXFileReference; fileEncoding = 4; lastKnownFileType = sourcecode.c.h; path = "UIView+MJExtension.h"; sourceTree = "<group>"; };
		F14C030B1E94F50F0090E872 /* UIView+MJExtension.m */ = {isa = PBXFileReference; fileEncoding = 4; lastKnownFileType = sourcecode.c.objc; path = "UIView+MJExtension.m"; sourceTree = "<group>"; };
		F14C03431E9621300090E872 /* VolumeView.h */ = {isa = PBXFileReference; fileEncoding = 4; lastKnownFileType = sourcecode.c.h; path = VolumeView.h; sourceTree = "<group>"; };
		F14C03441E9621300090E872 /* VolumeView.m */ = {isa = PBXFileReference; fileEncoding = 4; lastKnownFileType = sourcecode.c.objc; path = VolumeView.m; sourceTree = "<group>"; };
		F14C03461E9621300090E872 /* VBidPriceCell.h */ = {isa = PBXFileReference; fileEncoding = 4; lastKnownFileType = sourcecode.c.h; path = VBidPriceCell.h; sourceTree = "<group>"; };
		F14C03471E9621300090E872 /* VBidPriceCell.m */ = {isa = PBXFileReference; fileEncoding = 4; lastKnownFileType = sourcecode.c.objc; path = VBidPriceCell.m; sourceTree = "<group>"; };
		F14C03481E9621300090E872 /* VBidPriceView.h */ = {isa = PBXFileReference; fileEncoding = 4; lastKnownFileType = sourcecode.c.h; path = VBidPriceView.h; sourceTree = "<group>"; };
		F14C03491E9621300090E872 /* VBidPriceView.m */ = {isa = PBXFileReference; fileEncoding = 4; lastKnownFileType = sourcecode.c.objc; path = VBidPriceView.m; sourceTree = "<group>"; };
		F14C034A1E9621300090E872 /* VBigTradeView.h */ = {isa = PBXFileReference; fileEncoding = 4; lastKnownFileType = sourcecode.c.h; path = VBigTradeView.h; sourceTree = "<group>"; };
		F14C034B1E9621300090E872 /* VBigTradeView.m */ = {isa = PBXFileReference; fileEncoding = 4; lastKnownFileType = sourcecode.c.objc; path = VBigTradeView.m; sourceTree = "<group>"; };
		F14C034C1E9621300090E872 /* VStockRightView.h */ = {isa = PBXFileReference; fileEncoding = 4; lastKnownFileType = sourcecode.c.h; path = VStockRightView.h; sourceTree = "<group>"; };
		F14C034D1E9621300090E872 /* VStockRightView.m */ = {isa = PBXFileReference; fileEncoding = 4; lastKnownFileType = sourcecode.c.objc; path = VStockRightView.m; sourceTree = "<group>"; };
		F14C034E1E9621300090E872 /* VTradeDetailCell.h */ = {isa = PBXFileReference; fileEncoding = 4; lastKnownFileType = sourcecode.c.h; path = VTradeDetailCell.h; sourceTree = "<group>"; };
		F14C034F1E9621300090E872 /* VTradeDetailCell.m */ = {isa = PBXFileReference; fileEncoding = 4; lastKnownFileType = sourcecode.c.objc; path = VTradeDetailCell.m; sourceTree = "<group>"; };
		F14C03501E9621300090E872 /* VTradeDetailView.h */ = {isa = PBXFileReference; fileEncoding = 4; lastKnownFileType = sourcecode.c.h; path = VTradeDetailView.h; sourceTree = "<group>"; };
		F14C03511E9621300090E872 /* VTradeDetailView.m */ = {isa = PBXFileReference; fileEncoding = 4; lastKnownFileType = sourcecode.c.objc; path = VTradeDetailView.m; sourceTree = "<group>"; };
		F14C03521E9621300090E872 /* VTimeLineChart.h */ = {isa = PBXFileReference; fileEncoding = 4; lastKnownFileType = sourcecode.c.h; path = VTimeLineChart.h; sourceTree = "<group>"; };
		F14C03531E9621300090E872 /* VTimeLineChart.m */ = {isa = PBXFileReference; fileEncoding = 4; lastKnownFileType = sourcecode.c.objc; path = VTimeLineChart.m; sourceTree = "<group>"; };
		F14C03541E9621300090E872 /* VTimeLineMaskView.h */ = {isa = PBXFileReference; fileEncoding = 4; lastKnownFileType = sourcecode.c.h; path = VTimeLineMaskView.h; sourceTree = "<group>"; };
		F14C03551E9621300090E872 /* VTimeLineMaskView.m */ = {isa = PBXFileReference; fileEncoding = 4; lastKnownFileType = sourcecode.c.objc; path = VTimeLineMaskView.m; sourceTree = "<group>"; };
		F14C03561E9621300090E872 /* VTimeLineView.h */ = {isa = PBXFileReference; fileEncoding = 4; lastKnownFileType = sourcecode.c.h; path = VTimeLineView.h; sourceTree = "<group>"; };
		F14C03571E9621300090E872 /* VTimeLineView.m */ = {isa = PBXFileReference; fileEncoding = 4; lastKnownFileType = sourcecode.c.objc; path = VTimeLineView.m; sourceTree = "<group>"; };
		F14F6F581E889F6F00B099AE /* VStockStatusView_HK.h */ = {isa = PBXFileReference; fileEncoding = 4; lastKnownFileType = sourcecode.c.h; path = VStockStatusView_HK.h; sourceTree = "<group>"; };
		F14F6F591E889F6F00B099AE /* VStockStatusView_HK.m */ = {isa = PBXFileReference; fileEncoding = 4; lastKnownFileType = sourcecode.c.objc; path = VStockStatusView_HK.m; sourceTree = "<group>"; };
		F14F6F5B1E889F8D00B099AE /* VStockStatusView_HK.xib */ = {isa = PBXFileReference; fileEncoding = 4; lastKnownFileType = file.xib; path = VStockStatusView_HK.xib; sourceTree = "<group>"; };
		F150A7861E6D06FD00D1E945 /* VKLineChart.h */ = {isa = PBXFileReference; fileEncoding = 4; lastKnownFileType = sourcecode.c.h; path = VKLineChart.h; sourceTree = "<group>"; };
		F150A7871E6D06FD00D1E945 /* VKLineChart.m */ = {isa = PBXFileReference; fileEncoding = 4; lastKnownFileType = sourcecode.c.objc; path = VKLineChart.m; sourceTree = "<group>"; };
		F150A7891E6D0A5700D1E945 /* VKLineVolumeView.h */ = {isa = PBXFileReference; fileEncoding = 4; lastKnownFileType = sourcecode.c.h; path = VKLineVolumeView.h; sourceTree = "<group>"; };
		F150A78A1E6D0A5700D1E945 /* VKLineVolumeView.m */ = {isa = PBXFileReference; fileEncoding = 4; lastKnownFileType = sourcecode.c.objc; path = VKLineVolumeView.m; sourceTree = "<group>"; };
		F150A78C1E6D3E5400D1E945 /* VKLinePosition.h */ = {isa = PBXFileReference; fileEncoding = 4; lastKnownFileType = sourcecode.c.h; path = VKLinePosition.h; sourceTree = "<group>"; };
		F150A78D1E6D3E5400D1E945 /* VKLinePosition.m */ = {isa = PBXFileReference; fileEncoding = 4; lastKnownFileType = sourcecode.c.objc; path = VKLinePosition.m; sourceTree = "<group>"; };
		F150A78F1E6EC3A600D1E945 /* VKLineMaskView.h */ = {isa = PBXFileReference; fileEncoding = 4; lastKnownFileType = sourcecode.c.h; path = VKLineMaskView.h; sourceTree = "<group>"; };
		F150A7901E6EC3A600D1E945 /* VKLineMaskView.m */ = {isa = PBXFileReference; fileEncoding = 4; lastKnownFileType = sourcecode.c.objc; path = VKLineMaskView.m; sourceTree = "<group>"; };
		F155B4C11E6FF06700CC0349 /* VGCDTimer.h */ = {isa = PBXFileReference; fileEncoding = 4; lastKnownFileType = sourcecode.c.h; path = VGCDTimer.h; sourceTree = "<group>"; };
		F155B4C21E6FF06700CC0349 /* VGCDTimer.m */ = {isa = PBXFileReference; fileEncoding = 4; lastKnownFileType = sourcecode.c.objc; path = VGCDTimer.m; sourceTree = "<group>"; };
		F155B4CE1E70013B00CC0349 /* VStockStatusView.h */ = {isa = PBXFileReference; fileEncoding = 4; lastKnownFileType = sourcecode.c.h; path = VStockStatusView.h; sourceTree = "<group>"; };
		F155B4CF1E70013B00CC0349 /* VStockStatusView.m */ = {isa = PBXFileReference; fileEncoding = 4; lastKnownFileType = sourcecode.c.objc; path = VStockStatusView.m; sourceTree = "<group>"; };
		F155B4D11E70051F00CC0349 /* VStockStatusView.xib */ = {isa = PBXFileReference; fileEncoding = 4; lastKnownFileType = file.xib; path = VStockStatusView.xib; sourceTree = "<group>"; };
		F17B72031E69638300F0978B /* VScrollMenuView.h */ = {isa = PBXFileReference; fileEncoding = 4; lastKnownFileType = sourcecode.c.h; path = VScrollMenuView.h; sourceTree = "<group>"; };
		F17B72041E69638300F0978B /* VScrollMenuView.m */ = {isa = PBXFileReference; fileEncoding = 4; lastKnownFileType = sourcecode.c.objc; path = VScrollMenuView.m; sourceTree = "<group>"; };
		F17BC36D1E88F51A00620B04 /* ViewController.h */ = {isa = PBXFileReference; fileEncoding = 4; lastKnownFileType = sourcecode.c.h; path = ViewController.h; sourceTree = "<group>"; };
		F17BC36E1E88F51A00620B04 /* ViewController.m */ = {isa = PBXFileReference; fileEncoding = 4; lastKnownFileType = sourcecode.c.objc; path = ViewController.m; sourceTree = "<group>"; };
/* End PBXFileReference section */

/* Begin PBXFrameworksBuildPhase section */
		F14B2AE01E6126620001663F /* Frameworks */ = {
			isa = PBXFrameworksBuildPhase;
			buildActionMask = 2147483647;
			files = (
			);
			runOnlyForDeploymentPostprocessing = 0;
		};
/* End PBXFrameworksBuildPhase section */

/* Begin PBXGroup section */
		F14115FC1E651DC9007A98B5 /* KLineView */ = {
			isa = PBXGroup;
			children = (
				F14115FD1E651DC9007A98B5 /* VKLineView.h */,
				F14115FE1E651DC9007A98B5 /* VKLineView.m */,
				F150A7861E6D06FD00D1E945 /* VKLineChart.h */,
				F150A7871E6D06FD00D1E945 /* VKLineChart.m */,
				F150A7891E6D0A5700D1E945 /* VKLineVolumeView.h */,
				F150A78A1E6D0A5700D1E945 /* VKLineVolumeView.m */,
				F150A78F1E6EC3A600D1E945 /* VKLineMaskView.h */,
				F150A7901E6EC3A600D1E945 /* VKLineMaskView.m */,
			);
			path = KLineView;
			sourceTree = "<group>";
		};
		F14116101E6577BB007A98B5 /* AFNetworking */ = {
			isa = PBXGroup;
			children = (
				F14116111E6577BB007A98B5 /* AFNetworking */,
				F141161F1E6577BC007A98B5 /* LICENSE */,
				F14116201E6577BC007A98B5 /* README.md */,
				F14116211E6577BC007A98B5 /* UIKit+AFNetworking */,
			);
			path = AFNetworking;
			sourceTree = "<group>";
		};
		F14116111E6577BB007A98B5 /* AFNetworking */ = {
			isa = PBXGroup;
			children = (
				F14116121E6577BB007A98B5 /* AFHTTPSessionManager.h */,
				F14116131E6577BB007A98B5 /* AFHTTPSessionManager.m */,
				F14116141E6577BB007A98B5 /* AFNetworking.h */,
				F14116151E6577BB007A98B5 /* AFNetworkReachabilityManager.h */,
				F14116161E6577BB007A98B5 /* AFNetworkReachabilityManager.m */,
				F14116171E6577BB007A98B5 /* AFSecurityPolicy.h */,
				F14116181E6577BB007A98B5 /* AFSecurityPolicy.m */,
				F14116191E6577BB007A98B5 /* AFURLRequestSerialization.h */,
				F141161A1E6577BB007A98B5 /* AFURLRequestSerialization.m */,
				F141161B1E6577BB007A98B5 /* AFURLResponseSerialization.h */,
				F141161C1E6577BB007A98B5 /* AFURLResponseSerialization.m */,
				F141161D1E6577BB007A98B5 /* AFURLSessionManager.h */,
				F141161E1E6577BB007A98B5 /* AFURLSessionManager.m */,
			);
			path = AFNetworking;
			sourceTree = "<group>";
		};
		F14116211E6577BC007A98B5 /* UIKit+AFNetworking */ = {
			isa = PBXGroup;
			children = (
				F14116221E6577BC007A98B5 /* AFAutoPurgingImageCache.h */,
				F14116231E6577BC007A98B5 /* AFAutoPurgingImageCache.m */,
				F14116241E6577BC007A98B5 /* AFImageDownloader.h */,
				F14116251E6577BC007A98B5 /* AFImageDownloader.m */,
				F14116261E6577BC007A98B5 /* AFNetworkActivityIndicatorManager.h */,
				F14116271E6577BC007A98B5 /* AFNetworkActivityIndicatorManager.m */,
				F14116281E6577BC007A98B5 /* UIActivityIndicatorView+AFNetworking.h */,
				F14116291E6577BC007A98B5 /* UIActivityIndicatorView+AFNetworking.m */,
				F141162A1E6577BC007A98B5 /* UIButton+AFNetworking.h */,
				F141162B1E6577BC007A98B5 /* UIButton+AFNetworking.m */,
				F141162C1E6577BC007A98B5 /* UIImage+AFNetworking.h */,
				F141162D1E6577BC007A98B5 /* UIImageView+AFNetworking.h */,
				F141162E1E6577BC007A98B5 /* UIImageView+AFNetworking.m */,
				F141162F1E6577BC007A98B5 /* UIKit+AFNetworking.h */,
				F14116301E6577BC007A98B5 /* UIProgressView+AFNetworking.h */,
				F14116311E6577BC007A98B5 /* UIProgressView+AFNetworking.m */,
				F14116321E6577BC007A98B5 /* UIRefreshControl+AFNetworking.h */,
				F14116331E6577BC007A98B5 /* UIRefreshControl+AFNetworking.m */,
				F14116341E6577BC007A98B5 /* UIWebView+AFNetworking.h */,
				F14116351E6577BC007A98B5 /* UIWebView+AFNetworking.m */,
			);
			path = "UIKit+AFNetworking";
			sourceTree = "<group>";
		};
		F14116471E6577F5007A98B5 /* WebService */ = {
			isa = PBXGroup;
			children = (
				F141165D1E657833007A98B5 /* StockRequest.h */,
				F141165E1E657833007A98B5 /* StockRequest.m */,
				F14116541E6577F5007A98B5 /* HttpHelper.h */,
				F14116551E6577F5007A98B5 /* HttpHelper.m */,
			);
			path = WebService;
			sourceTree = "<group>";
		};
		F14A4C311E8A67EA00A4338D /* HKStockView */ = {
			isa = PBXGroup;
			children = (
				F14A4C321E8A680F00A4338D /* VHKStockYearView.h */,
				F14A4C331E8A680F00A4338D /* VHKStockYearView.m */,
				F14A4C351E8B477500A4338D /* VLineChart.h */,
				F14A4C361E8B477500A4338D /* VLineChart.m */,
				F14A4C381E8B51E900A4338D /* VLineVolumeView.h */,
				F14A4C391E8B51E900A4338D /* VLineVolumeView.m */,
				F14A4C3B1E8B554D00A4338D /* VLineMaskView.h */,
				F14A4C3C1E8B554D00A4338D /* VLineMaskView.m */,
			);
			path = HKStockView;
			sourceTree = "<group>";
		};
		F14B2ADA1E6126620001663F = {
			isa = PBXGroup;
			children = (
				F14B2AE51E6126620001663F /* HBStockView */,
				F14B2AE41E6126620001663F /* Products */,
			);
			sourceTree = "<group>";
		};
		F14B2AE41E6126620001663F /* Products */ = {
			isa = PBXGroup;
			children = (
				F14B2AE31E6126620001663F /* HBStockView.app */,
			);
			name = Products;
			sourceTree = "<group>";
		};
		F14B2AE51E6126620001663F /* HBStockView */ = {
			isa = PBXGroup;
			children = (
				F14B2B011E612CFA0001663F /* VStockChart */,
				F14B2AE91E6126620001663F /* AppDelegate.h */,
				F14B2AEA1E6126620001663F /* AppDelegate.m */,
				F17BC36D1E88F51A00620B04 /* ViewController.h */,
				F17BC36E1E88F51A00620B04 /* ViewController.m */,
				F14B2AEC1E6126620001663F /* StockViewController.h */,
				F14B2AED1E6126620001663F /* StockViewController.m */,
				F14B2B371E6179150001663F /* 3rds */,
				F14B2AEF1E6126620001663F /* Main.storyboard */,
				F14B2AF21E6126620001663F /* Assets.xcassets */,
				F14116471E6577F5007A98B5 /* WebService */,
				F14B2AF41E6126620001663F /* LaunchScreen.storyboard */,
				F14B2AF71E6126620001663F /* Info.plist */,
				F14570DC1E64272A008DCD48 /* UIColor+VAdd.h */,
				F14570DD1E64272A008DCD48 /* UIColor+VAdd.m */,
				F14B2AE61E6126620001663F /* Supporting Files */,
			);
			path = HBStockView;
			sourceTree = "<group>";
		};
		F14B2AE61E6126620001663F /* Supporting Files */ = {
			isa = PBXGroup;
			children = (
				F14B2AE71E6126620001663F /* main.m */,
				F145546F1E77DB5300A1EA96 /* PrefixHeader.pch */,
			);
			name = "Supporting Files";
			sourceTree = "<group>";
		};
		F14B2B011E612CFA0001663F /* VStockChart */ = {
			isa = PBXGroup;
			children = (
				F14C03411E9621300090E872 /* TimeLineView */,
				F14A4C311E8A67EA00A4338D /* HKStockView */,
				F155B4C01E6FF06700CC0349 /* GCDTimer */,
				F14115FC1E651DC9007A98B5 /* KLineView */,
				F14B2B0C1E61310B0001663F /* Config */,
				F14B2B121E61310B0001663F /* Model */,
				F14B2B2E1E6170C00001663F /* VStockView.h */,
				F14B2B2F1E6170C00001663F /* VStockView.m */,
				F14B2B341E61776A0001663F /* VStockScrollView.h */,
				F14B2B351E61776A0001663F /* VStockScrollView.m */,
				F17B72031E69638300F0978B /* VScrollMenuView.h */,
				F17B72041E69638300F0978B /* VScrollMenuView.m */,
				F155B4CF1E70013B00CC0349 /* VStockStatusView.m */,
				F155B4CE1E70013B00CC0349 /* VStockStatusView.h */,
				F155B4D11E70051F00CC0349 /* VStockStatusView.xib */,
				F14F6F581E889F6F00B099AE /* VStockStatusView_HK.h */,
				F14F6F591E889F6F00B099AE /* VStockStatusView_HK.m */,
				F14F6F5B1E889F8D00B099AE /* VStockStatusView_HK.xib */,
				F1469A461E715914005B50F5 /* VFullScreenStockView.h */,
				F1469A471E715914005B50F5 /* VFullScreenStockView.m */,
			);
			path = VStockChart;
			sourceTree = "<group>";
		};
		F14B2B0C1E61310B0001663F /* Config */ = {
			isa = PBXGroup;
			children = (
				F14B2B0D1E61310B0001663F /* UIColor+StockTheme.h */,
				F14B2B0E1E61310B0001663F /* UIColor+StockTheme.m */,
				F14B2B0F1E61310B0001663F /* VStockChartConfig.h */,
				F14B2B101E61310B0001663F /* VStockChartConfig.m */,
				F14B2B111E61310B0001663F /* VStockConstant.h */,
			);
			path = Config;
			sourceTree = "<group>";
		};
		F14B2B121E61310B0001663F /* Model */ = {
			isa = PBXGroup;
			children = (
				F14B2B171E6135F40001663F /* VLineModel.h */,
				F14B2B181E6135F40001663F /* VLineModel.m */,
				F14B2B1A1E615B3A0001663F /* VStockPoint.h */,
				F14B2B1B1E615B3A0001663F /* VStockPoint.m */,
				F14792E01E76A01100237963 /* VTimeTradeModel.h */,
				F14792E11E76A01100237963 /* VTimeTradeModel.m */,
				F14B2B231E6169D50001663F /* VStockGroup.h */,
				F14B2B241E6169D50001663F /* VStockGroup.m */,
				F14B2B1D1E615D9C0001663F /* VBidPriceModel.h */,
				F14B2B1E1E615D9C0001663F /* VBidPriceModel.m */,
				F150A78C1E6D3E5400D1E945 /* VKLinePosition.h */,
				F150A78D1E6D3E5400D1E945 /* VKLinePosition.m */,
				F1469A431E7137A2005B50F5 /* VStockStatusModel.h */,
				F1469A441E7137A2005B50F5 /* VStockStatusModel.m */,
				F14115F91E6514B7007A98B5 /* VolumePositionModel.h */,
				F14115FA1E6514B7007A98B5 /* VolumePositionModel.m */,
			);
			path = Model;
			sourceTree = "<group>";
		};
		F14B2B371E6179150001663F /* 3rds */ = {
			isa = PBXGroup;
			children = (
				F14C02DD1E94F50F0090E872 /* MJRefresh */,
				F14116101E6577BB007A98B5 /* AFNetworking */,
				F14B2B381E61791A0001663F /* Masonry */,
			);
			path = 3rds;
			sourceTree = "<group>";
		};
		F14B2B381E61791A0001663F /* Masonry */ = {
			isa = PBXGroup;
			children = (
				F14B2B391E61791A0001663F /* MASCompositeConstraint.h */,
				F14B2B3A1E61791A0001663F /* MASCompositeConstraint.m */,
				F14B2B3B1E61791A0001663F /* MASConstraint+Private.h */,
				F14B2B3C1E61791A0001663F /* MASConstraint.h */,
				F14B2B3D1E61791A0001663F /* MASConstraint.m */,
				F14B2B3E1E61791A0001663F /* MASConstraintMaker.h */,
				F14B2B3F1E61791A0001663F /* MASConstraintMaker.m */,
				F14B2B401E61791A0001663F /* MASLayoutConstraint.h */,
				F14B2B411E61791A0001663F /* MASLayoutConstraint.m */,
				F14B2B421E61791A0001663F /* Masonry.h */,
				F14B2B431E61791A0001663F /* MASUtilities.h */,
				F14B2B441E61791A0001663F /* MASViewAttribute.h */,
				F14B2B451E61791A0001663F /* MASViewAttribute.m */,
				F14B2B461E61791A0001663F /* MASViewConstraint.h */,
				F14B2B471E61791A0001663F /* MASViewConstraint.m */,
				F14B2B481E61791A0001663F /* NSArray+MASAdditions.h */,
				F14B2B491E61791A0001663F /* NSArray+MASAdditions.m */,
				F14B2B4A1E61791A0001663F /* NSArray+MASShorthandAdditions.h */,
				F14B2B4B1E61791A0001663F /* NSLayoutConstraint+MASDebugAdditions.h */,
				F14B2B4C1E61791A0001663F /* NSLayoutConstraint+MASDebugAdditions.m */,
				F14B2B4D1E61791A0001663F /* View+MASAdditions.h */,
				F14B2B4E1E61791A0001663F /* View+MASAdditions.m */,
				F14B2B4F1E61791A0001663F /* View+MASShorthandAdditions.h */,
				F14B2B501E61791A0001663F /* ViewController+MASAdditions.h */,
				F14B2B511E61791A0001663F /* ViewController+MASAdditions.m */,
			);
			path = Masonry;
			sourceTree = "<group>";
		};
		F14C02DD1E94F50F0090E872 /* MJRefresh */ = {
			isa = PBXGroup;
			children = (
				F14C02DE1E94F50F0090E872 /* Base */,
				F14C02E91E94F50F0090E872 /* Custom */,
				F14C03001E94F50F0090E872 /* MJRefresh.bundle */,
				F14C03011E94F50F0090E872 /* MJRefresh.h */,
				F14C03021E94F50F0090E872 /* MJRefreshConst.h */,
				F14C03031E94F50F0090E872 /* MJRefreshConst.m */,
				F14C03041E94F50F0090E872 /* NSBundle+MJRefresh.h */,
				F14C03051E94F50F0090E872 /* NSBundle+MJRefresh.m */,
				F14C03061E94F50F0090E872 /* UIScrollView+MJExtension.h */,
				F14C03071E94F50F0090E872 /* UIScrollView+MJExtension.m */,
				F14C03081E94F50F0090E872 /* UIScrollView+MJRefresh.h */,
				F14C03091E94F50F0090E872 /* UIScrollView+MJRefresh.m */,
				F14C030A1E94F50F0090E872 /* UIView+MJExtension.h */,
				F14C030B1E94F50F0090E872 /* UIView+MJExtension.m */,
			);
			path = MJRefresh;
			sourceTree = "<group>";
		};
		F14C02DE1E94F50F0090E872 /* Base */ = {
			isa = PBXGroup;
			children = (
				F14C02DF1E94F50F0090E872 /* MJRefreshAutoFooter.h */,
				F14C02E01E94F50F0090E872 /* MJRefreshAutoFooter.m */,
				F14C02E11E94F50F0090E872 /* MJRefreshBackFooter.h */,
				F14C02E21E94F50F0090E872 /* MJRefreshBackFooter.m */,
				F14C02E31E94F50F0090E872 /* MJRefreshComponent.h */,
				F14C02E41E94F50F0090E872 /* MJRefreshComponent.m */,
				F14C02E51E94F50F0090E872 /* MJRefreshFooter.h */,
				F14C02E61E94F50F0090E872 /* MJRefreshFooter.m */,
				F14C02E71E94F50F0090E872 /* MJRefreshHeader.h */,
				F14C02E81E94F50F0090E872 /* MJRefreshHeader.m */,
			);
			path = Base;
			sourceTree = "<group>";
		};
		F14C02E91E94F50F0090E872 /* Custom */ = {
			isa = PBXGroup;
			children = (
				F14C02EA1E94F50F0090E872 /* Footer */,
				F14C02F91E94F50F0090E872 /* Header */,
			);
			path = Custom;
			sourceTree = "<group>";
		};
		F14C02EA1E94F50F0090E872 /* Footer */ = {
			isa = PBXGroup;
			children = (
				F14C02EB1E94F50F0090E872 /* Auto */,
				F14C02F21E94F50F0090E872 /* Back */,
			);
			path = Footer;
			sourceTree = "<group>";
		};
		F14C02EB1E94F50F0090E872 /* Auto */ = {
			isa = PBXGroup;
			children = (
				F14C02EC1E94F50F0090E872 /* MJRefreshAutoGifFooter.h */,
				F14C02ED1E94F50F0090E872 /* MJRefreshAutoGifFooter.m */,
				F14C02EE1E94F50F0090E872 /* MJRefreshAutoNormalFooter.h */,
				F14C02EF1E94F50F0090E872 /* MJRefreshAutoNormalFooter.m */,
				F14C02F01E94F50F0090E872 /* MJRefreshAutoStateFooter.h */,
				F14C02F11E94F50F0090E872 /* MJRefreshAutoStateFooter.m */,
			);
			path = Auto;
			sourceTree = "<group>";
		};
		F14C02F21E94F50F0090E872 /* Back */ = {
			isa = PBXGroup;
			children = (
				F14C02F31E94F50F0090E872 /* MJRefreshBackGifFooter.h */,
				F14C02F41E94F50F0090E872 /* MJRefreshBackGifFooter.m */,
				F14C02F51E94F50F0090E872 /* MJRefreshBackNormalFooter.h */,
				F14C02F61E94F50F0090E872 /* MJRefreshBackNormalFooter.m */,
				F14C02F71E94F50F0090E872 /* MJRefreshBackStateFooter.h */,
				F14C02F81E94F50F0090E872 /* MJRefreshBackStateFooter.m */,
			);
			path = Back;
			sourceTree = "<group>";
		};
		F14C02F91E94F50F0090E872 /* Header */ = {
			isa = PBXGroup;
			children = (
				F14C02FA1E94F50F0090E872 /* MJRefreshGifHeader.h */,
				F14C02FB1E94F50F0090E872 /* MJRefreshGifHeader.m */,
				F14C02FC1E94F50F0090E872 /* MJRefreshNormalHeader.h */,
				F14C02FD1E94F50F0090E872 /* MJRefreshNormalHeader.m */,
				F14C02FE1E94F50F0090E872 /* MJRefreshStateHeader.h */,
				F14C02FF1E94F50F0090E872 /* MJRefreshStateHeader.m */,
			);
			path = Header;
			sourceTree = "<group>";
		};
		F14C03411E9621300090E872 /* TimeLineView */ = {
			isa = PBXGroup;
			children = (
				F14C03421E9621300090E872 /* Bottom */,
				F14C03451E9621300090E872 /* Right */,
				F14C03521E9621300090E872 /* VTimeLineChart.h */,
				F14C03531E9621300090E872 /* VTimeLineChart.m */,
				F14C03541E9621300090E872 /* VTimeLineMaskView.h */,
				F14C03551E9621300090E872 /* VTimeLineMaskView.m */,
				F14C03561E9621300090E872 /* VTimeLineView.h */,
				F14C03571E9621300090E872 /* VTimeLineView.m */,
			);
			path = TimeLineView;
			sourceTree = "<group>";
		};
		F14C03421E9621300090E872 /* Bottom */ = {
			isa = PBXGroup;
			children = (
				F14C03431E9621300090E872 /* VolumeView.h */,
				F14C03441E9621300090E872 /* VolumeView.m */,
			);
			path = Bottom;
			sourceTree = "<group>";
		};
		F14C03451E9621300090E872 /* Right */ = {
			isa = PBXGroup;
			children = (
				F14C03461E9621300090E872 /* VBidPriceCell.h */,
				F14C03471E9621300090E872 /* VBidPriceCell.m */,
				F14C03481E9621300090E872 /* VBidPriceView.h */,
				F14C03491E9621300090E872 /* VBidPriceView.m */,
				F14C034A1E9621300090E872 /* VBigTradeView.h */,
				F14C034B1E9621300090E872 /* VBigTradeView.m */,
				F14C034C1E9621300090E872 /* VStockRightView.h */,
				F14C034D1E9621300090E872 /* VStockRightView.m */,
				F14C034E1E9621300090E872 /* VTradeDetailCell.h */,
				F14C034F1E9621300090E872 /* VTradeDetailCell.m */,
				F14C03501E9621300090E872 /* VTradeDetailView.h */,
				F14C03511E9621300090E872 /* VTradeDetailView.m */,
			);
			path = Right;
			sourceTree = "<group>";
		};
		F155B4C01E6FF06700CC0349 /* GCDTimer */ = {
			isa = PBXGroup;
			children = (
				F155B4C11E6FF06700CC0349 /* VGCDTimer.h */,
				F155B4C21E6FF06700CC0349 /* VGCDTimer.m */,
			);
			path = GCDTimer;
			sourceTree = "<group>";
		};
/* End PBXGroup section */

/* Begin PBXNativeTarget section */
		F14B2AE21E6126620001663F /* HBStockView */ = {
			isa = PBXNativeTarget;
			buildConfigurationList = F14B2AFA1E6126620001663F /* Build configuration list for PBXNativeTarget "HBStockView" */;
			buildPhases = (
				F14B2ADF1E6126620001663F /* Sources */,
				F14B2AE01E6126620001663F /* Frameworks */,
				F14B2AE11E6126620001663F /* Resources */,
			);
			buildRules = (
			);
			dependencies = (
			);
			name = HBStockView;
			productName = HBStockView;
			productReference = F14B2AE31E6126620001663F /* HBStockView.app */;
			productType = "com.apple.product-type.application";
		};
/* End PBXNativeTarget section */

/* Begin PBXProject section */
		F14B2ADB1E6126620001663F /* Project object */ = {
			isa = PBXProject;
			attributes = {
				LastUpgradeCheck = 0820;
				ORGANIZATIONNAME = vols;
				TargetAttributes = {
					F14B2AE21E6126620001663F = {
						CreatedOnToolsVersion = 8.2.1;
						DevelopmentTeam = NRQ862A7E8;
						ProvisioningStyle = Automatic;
					};
				};
			};
			buildConfigurationList = F14B2ADE1E6126620001663F /* Build configuration list for PBXProject "HBStockView" */;
			compatibilityVersion = "Xcode 3.2";
			developmentRegion = English;
			hasScannedForEncodings = 0;
			knownRegions = (
				en,
				Base,
			);
			mainGroup = F14B2ADA1E6126620001663F;
			productRefGroup = F14B2AE41E6126620001663F /* Products */;
			projectDirPath = "";
			projectRoot = "";
			targets = (
				F14B2AE21E6126620001663F /* HBStockView */,
			);
		};
/* End PBXProject section */

/* Begin PBXResourcesBuildPhase section */
		F14B2AE11E6126620001663F /* Resources */ = {
			isa = PBXResourcesBuildPhase;
			buildActionMask = 2147483647;
			files = (
				F14B2AF61E6126620001663F /* LaunchScreen.storyboard in Resources */,
				F14B2AF31E6126620001663F /* Assets.xcassets in Resources */,
				F14C031A1E94F50F0090E872 /* MJRefresh.bundle in Resources */,
				F141163C1E6577BC007A98B5 /* LICENSE in Resources */,
				F14B2AF11E6126620001663F /* Main.storyboard in Resources */,
				F155B4D21E70051F00CC0349 /* VStockStatusView.xib in Resources */,
				F14F6F5C1E889F8D00B099AE /* VStockStatusView_HK.xib in Resources */,
			);
			runOnlyForDeploymentPostprocessing = 0;
		};
/* End PBXResourcesBuildPhase section */

/* Begin PBXSourcesBuildPhase section */
		F14B2ADF1E6126620001663F /* Sources */ = {
			isa = PBXSourcesBuildPhase;
			buildActionMask = 2147483647;
			files = (
				F14C030E1E94F50F0090E872 /* MJRefreshComponent.m in Sources */,
				F14C03111E94F50F0090E872 /* MJRefreshAutoGifFooter.m in Sources */,
				F14C03161E94F50F0090E872 /* MJRefreshBackStateFooter.m in Sources */,
				F14116451E6577BC007A98B5 /* UIRefreshControl+AFNetworking.m in Sources */,
				F14116401E6577BC007A98B5 /* AFNetworkActivityIndicatorManager.m in Sources */,
				F14B2B531E61791A0001663F /* MASConstraint.m in Sources */,
				F14B2AEE1E6126620001663F /* StockViewController.m in Sources */,
				F150A7881E6D06FD00D1E945 /* VKLineChart.m in Sources */,
				F150A78B1E6D0A5700D1E945 /* VKLineVolumeView.m in Sources */,
				F14A4C3A1E8B51E900A4338D /* VLineVolumeView.m in Sources */,
				F14116461E6577BC007A98B5 /* UIWebView+AFNetworking.m in Sources */,
				F14A4C3D1E8B554D00A4338D /* VLineMaskView.m in Sources */,
				F14A4C341E8A680F00A4338D /* VHKStockYearView.m in Sources */,
				F14C03191E94F50F0090E872 /* MJRefreshStateHeader.m in Sources */,
				F14C031C1E94F50F0090E872 /* NSBundle+MJRefresh.m in Sources */,
				F14B2B5B1E61791A0001663F /* ViewController+MASAdditions.m in Sources */,
				F14C03151E94F50F0090E872 /* MJRefreshBackNormalFooter.m in Sources */,
				F14C031E1E94F50F0090E872 /* UIScrollView+MJRefresh.m in Sources */,
				F14116441E6577BC007A98B5 /* UIProgressView+AFNetworking.m in Sources */,
				F14C035A1E9621300090E872 /* VBidPriceView.m in Sources */,
				F14C03101E94F50F0090E872 /* MJRefreshHeader.m in Sources */,
				F14B2AEB1E6126620001663F /* AppDelegate.m in Sources */,
				F14116411E6577BC007A98B5 /* UIActivityIndicatorView+AFNetworking.m in Sources */,
				F14B2B141E61310B0001663F /* VStockChartConfig.m in Sources */,
				F14C03171E94F50F0090E872 /* MJRefreshGifHeader.m in Sources */,
				F1469A451E7137A2005B50F5 /* VStockStatusModel.m in Sources */,
				F14792E21E76A01100237963 /* VTimeTradeModel.m in Sources */,
				F14C030D1E94F50F0090E872 /* MJRefreshBackFooter.m in Sources */,
				F141163F1E6577BC007A98B5 /* AFImageDownloader.m in Sources */,
				F14C035D1E9621300090E872 /* VTradeDetailCell.m in Sources */,
				F14C031F1E94F50F0090E872 /* UIView+MJExtension.m in Sources */,
				F141165C1E6577F5007A98B5 /* HttpHelper.m in Sources */,
				F14B2B131E61310B0001663F /* UIColor+StockTheme.m in Sources */,
				F141163B1E6577BC007A98B5 /* AFURLSessionManager.m in Sources */,
				F14A4C371E8B477500A4338D /* VLineChart.m in Sources */,
				F14116421E6577BC007A98B5 /* UIButton+AFNetworking.m in Sources */,
				F14B2B521E61791A0001663F /* MASCompositeConstraint.m in Sources */,
				F150A7911E6EC3A600D1E945 /* VKLineMaskView.m in Sources */,
				F14115FB1E6514B7007A98B5 /* VolumePositionModel.m in Sources */,
				F141163A1E6577BC007A98B5 /* AFURLResponseSerialization.m in Sources */,
				F14B2B1F1E615D9C0001663F /* VBidPriceModel.m in Sources */,
				F14B2B541E61791A0001663F /* MASConstraintMaker.m in Sources */,
				F14116391E6577BC007A98B5 /* AFURLRequestSerialization.m in Sources */,
				F141165F1E657833007A98B5 /* StockRequest.m in Sources */,
				F14B2B5A1E61791A0001663F /* View+MASAdditions.m in Sources */,
				F14B2B361E61776A0001663F /* VStockScrollView.m in Sources */,
				F17BC36F1E88F51A00620B04 /* ViewController.m in Sources */,
				F14C03591E9621300090E872 /* VBidPriceCell.m in Sources */,
				F14B2B561E61791A0001663F /* MASViewAttribute.m in Sources */,
				F150A78E1E6D3E5400D1E945 /* VKLinePosition.m in Sources */,
				F14C031D1E94F50F0090E872 /* UIScrollView+MJExtension.m in Sources */,
				F14F6F5A1E889F6F00B099AE /* VStockStatusView_HK.m in Sources */,
				F14C035B1E9621300090E872 /* VBigTradeView.m in Sources */,
				F14B2B251E6169D50001663F /* VStockGroup.m in Sources */,
				F17B72051E69638300F0978B /* VScrollMenuView.m in Sources */,
				F141163E1E6577BC007A98B5 /* AFAutoPurgingImageCache.m in Sources */,
				F155B4C31E6FF06700CC0349 /* VGCDTimer.m in Sources */,
				F14B2B591E61791A0001663F /* NSLayoutConstraint+MASDebugAdditions.m in Sources */,
				F14B2B1C1E615B3A0001663F /* VStockPoint.m in Sources */,
				F14C03601E9621300090E872 /* VTimeLineMaskView.m in Sources */,
				F155B4D01E70013B00CC0349 /* VStockStatusView.m in Sources */,
				F14C03131E94F50F0090E872 /* MJRefreshAutoStateFooter.m in Sources */,
				F14C035E1E9621300090E872 /* VTradeDetailView.m in Sources */,
				F14116431E6577BC007A98B5 /* UIImageView+AFNetworking.m in Sources */,
				F14116361E6577BC007A98B5 /* AFHTTPSessionManager.m in Sources */,
				F14B2B581E61791A0001663F /* NSArray+MASAdditions.m in Sources */,
				F14B2AE81E6126620001663F /* main.m in Sources */,
				F14116381E6577BC007A98B5 /* AFSecurityPolicy.m in Sources */,
				F14C03181E94F50F0090E872 /* MJRefreshNormalHeader.m in Sources */,
				F14C03141E94F50F0090E872 /* MJRefreshBackGifFooter.m in Sources */,
				F14B2B571E61791A0001663F /* MASViewConstraint.m in Sources */,
				F14570DE1E64272A008DCD48 /* UIColor+VAdd.m in Sources */,
				F14C035F1E9621300090E872 /* VTimeLineChart.m in Sources */,
				F14C03581E9621300090E872 /* VolumeView.m in Sources */,
				F141163D1E6577BC007A98B5 /* README.md in Sources */,
				F14B2B191E6135F40001663F /* VLineModel.m in Sources */,
				F1469A481E715915005B50F5 /* VFullScreenStockView.m in Sources */,
				F14C03121E94F50F0090E872 /* MJRefreshAutoNormalFooter.m in Sources */,
				F14116061E651DC9007A98B5 /* VKLineView.m in Sources */,
				F14B2B551E61791A0001663F /* MASLayoutConstraint.m in Sources */,
				F14116371E6577BC007A98B5 /* AFNetworkReachabilityManager.m in Sources */,
				F14C035C1E9621300090E872 /* VStockRightView.m in Sources */,
				F14C031B1E94F50F0090E872 /* MJRefreshConst.m in Sources */,
				F14C030C1E94F50F0090E872 /* MJRefreshAutoFooter.m in Sources */,
				F14B2B301E6170C00001663F /* VStockView.m in Sources */,
				F14C03611E9621300090E872 /* VTimeLineView.m in Sources */,
				F14C030F1E94F50F0090E872 /* MJRefreshFooter.m in Sources */,
			);
			runOnlyForDeploymentPostprocessing = 0;
		};
/* End PBXSourcesBuildPhase section */

/* Begin PBXVariantGroup section */
		F14B2AEF1E6126620001663F /* Main.storyboard */ = {
			isa = PBXVariantGroup;
			children = (
				F14B2AF01E6126620001663F /* Base */,
			);
			name = Main.storyboard;
			sourceTree = "<group>";
		};
		F14B2AF41E6126620001663F /* LaunchScreen.storyboard */ = {
			isa = PBXVariantGroup;
			children = (
				F14B2AF51E6126620001663F /* Base */,
			);
			name = LaunchScreen.storyboard;
			sourceTree = "<group>";
		};
/* End PBXVariantGroup section */

/* Begin XCBuildConfiguration section */
		F14B2AF81E6126620001663F /* Debug */ = {
			isa = XCBuildConfiguration;
			buildSettings = {
				ALWAYS_SEARCH_USER_PATHS = NO;
				CLANG_ANALYZER_NONNULL = YES;
				CLANG_CXX_LANGUAGE_STANDARD = "gnu++0x";
				CLANG_CXX_LIBRARY = "libc++";
				CLANG_ENABLE_MODULES = YES;
				CLANG_ENABLE_OBJC_ARC = YES;
				CLANG_WARN_BOOL_CONVERSION = YES;
				CLANG_WARN_CONSTANT_CONVERSION = YES;
				CLANG_WARN_DIRECT_OBJC_ISA_USAGE = YES_ERROR;
				CLANG_WARN_DOCUMENTATION_COMMENTS = YES;
				CLANG_WARN_EMPTY_BODY = YES;
				CLANG_WARN_ENUM_CONVERSION = YES;
				CLANG_WARN_INFINITE_RECURSION = YES;
				CLANG_WARN_INT_CONVERSION = YES;
				CLANG_WARN_OBJC_ROOT_CLASS = YES_ERROR;
				CLANG_WARN_SUSPICIOUS_MOVE = YES;
				CLANG_WARN_UNREACHABLE_CODE = YES;
				CLANG_WARN__DUPLICATE_METHOD_MATCH = YES;
				"CODE_SIGN_IDENTITY[sdk=iphoneos*]" = "iPhone Developer";
				COPY_PHASE_STRIP = NO;
				DEBUG_INFORMATION_FORMAT = dwarf;
				ENABLE_STRICT_OBJC_MSGSEND = YES;
				ENABLE_TESTABILITY = YES;
				GCC_C_LANGUAGE_STANDARD = gnu99;
				GCC_DYNAMIC_NO_PIC = NO;
				GCC_NO_COMMON_BLOCKS = YES;
				GCC_OPTIMIZATION_LEVEL = 0;
				GCC_PREPROCESSOR_DEFINITIONS = (
					"DEBUG=1",
					"$(inherited)",
				);
				GCC_WARN_64_TO_32_BIT_CONVERSION = YES;
				GCC_WARN_ABOUT_RETURN_TYPE = YES_ERROR;
				GCC_WARN_UNDECLARED_SELECTOR = YES;
				GCC_WARN_UNINITIALIZED_AUTOS = YES_AGGRESSIVE;
				GCC_WARN_UNUSED_FUNCTION = YES;
				GCC_WARN_UNUSED_VARIABLE = YES;
				IPHONEOS_DEPLOYMENT_TARGET = 10.2;
				MTL_ENABLE_DEBUG_INFO = YES;
				ONLY_ACTIVE_ARCH = YES;
				SDKROOT = iphoneos;
			};
			name = Debug;
		};
		F14B2AF91E6126620001663F /* Release */ = {
			isa = XCBuildConfiguration;
			buildSettings = {
				ALWAYS_SEARCH_USER_PATHS = NO;
				CLANG_ANALYZER_NONNULL = YES;
				CLANG_CXX_LANGUAGE_STANDARD = "gnu++0x";
				CLANG_CXX_LIBRARY = "libc++";
				CLANG_ENABLE_MODULES = YES;
				CLANG_ENABLE_OBJC_ARC = YES;
				CLANG_WARN_BOOL_CONVERSION = YES;
				CLANG_WARN_CONSTANT_CONVERSION = YES;
				CLANG_WARN_DIRECT_OBJC_ISA_USAGE = YES_ERROR;
				CLANG_WARN_DOCUMENTATION_COMMENTS = YES;
				CLANG_WARN_EMPTY_BODY = YES;
				CLANG_WARN_ENUM_CONVERSION = YES;
				CLANG_WARN_INFINITE_RECURSION = YES;
				CLANG_WARN_INT_CONVERSION = YES;
				CLANG_WARN_OBJC_ROOT_CLASS = YES_ERROR;
				CLANG_WARN_SUSPICIOUS_MOVE = YES;
				CLANG_WARN_UNREACHABLE_CODE = YES;
				CLANG_WARN__DUPLICATE_METHOD_MATCH = YES;
				"CODE_SIGN_IDENTITY[sdk=iphoneos*]" = "iPhone Developer";
				COPY_PHASE_STRIP = NO;
				DEBUG_INFORMATION_FORMAT = "dwarf-with-dsym";
				ENABLE_NS_ASSERTIONS = NO;
				ENABLE_STRICT_OBJC_MSGSEND = YES;
				GCC_C_LANGUAGE_STANDARD = gnu99;
				GCC_NO_COMMON_BLOCKS = YES;
				GCC_WARN_64_TO_32_BIT_CONVERSION = YES;
				GCC_WARN_ABOUT_RETURN_TYPE = YES_ERROR;
				GCC_WARN_UNDECLARED_SELECTOR = YES;
				GCC_WARN_UNINITIALIZED_AUTOS = YES_AGGRESSIVE;
				GCC_WARN_UNUSED_FUNCTION = YES;
				GCC_WARN_UNUSED_VARIABLE = YES;
				IPHONEOS_DEPLOYMENT_TARGET = 10.2;
				MTL_ENABLE_DEBUG_INFO = NO;
				SDKROOT = iphoneos;
				VALIDATE_PRODUCT = YES;
			};
			name = Release;
		};
		F14B2AFB1E6126620001663F /* Debug */ = {
			isa = XCBuildConfiguration;
			buildSettings = {
				ASSETCATALOG_COMPILER_APPICON_NAME = AppIcon;
				"CODE_SIGN_IDENTITY[sdk=iphoneos*]" = "iPhone Developer";
				DEVELOPMENT_TEAM = NRQ862A7E8;
				GCC_PREFIX_HEADER = HBStockView/PrefixHeader.pch;
				INFOPLIST_FILE = HBStockView/Info.plist;
				IPHONEOS_DEPLOYMENT_TARGET = 8.0;
				LD_RUNPATH_SEARCH_PATHS = "$(inherited) @executable_path/Frameworks";
				PRODUCT_BUNDLE_IDENTIFIER = com.vols.HBStockView;
				PRODUCT_NAME = "$(TARGET_NAME)";
				PROVISIONING_PROFILE_SPECIFIER = "";
			};
			name = Debug;
		};
		F14B2AFC1E6126620001663F /* Release */ = {
			isa = XCBuildConfiguration;
			buildSettings = {
				ASSETCATALOG_COMPILER_APPICON_NAME = AppIcon;
				"CODE_SIGN_IDENTITY[sdk=iphoneos*]" = "iPhone Developer";
				DEVELOPMENT_TEAM = NRQ862A7E8;
				GCC_PREFIX_HEADER = HBStockView/PrefixHeader.pch;
				INFOPLIST_FILE = HBStockView/Info.plist;
				IPHONEOS_DEPLOYMENT_TARGET = 8.0;
				LD_RUNPATH_SEARCH_PATHS = "$(inherited) @executable_path/Frameworks";
				PRODUCT_BUNDLE_IDENTIFIER = com.vols.HBStockView;
				PRODUCT_NAME = "$(TARGET_NAME)";
				PROVISIONING_PROFILE_SPECIFIER = "";
			};
			name = Release;
		};
/* End XCBuildConfiguration section */

/* Begin XCConfigurationList section */
		F14B2ADE1E6126620001663F /* Build configuration list for PBXProject "HBStockView" */ = {
			isa = XCConfigurationList;
			buildConfigurations = (
				F14B2AF81E6126620001663F /* Debug */,
				F14B2AF91E6126620001663F /* Release */,
			);
			defaultConfigurationIsVisible = 0;
			defaultConfigurationName = Release;
		};
		F14B2AFA1E6126620001663F /* Build configuration list for PBXNativeTarget "HBStockView" */ = {
			isa = XCConfigurationList;
			buildConfigurations = (
				F14B2AFB1E6126620001663F /* Debug */,
				F14B2AFC1E6126620001663F /* Release */,
			);
			defaultConfigurationIsVisible = 0;
			defaultConfigurationName = Release;
		};
/* End XCConfigurationList section */
	};
	rootObject = F14B2ADB1E6126620001663F /* Project object */;
}
